// !$*UTF8*$!
{
	archiveVersion = 1;
	classes = {
	};
	objectVersion = 56;
	objects = {

/* Begin PBXBuildFile section */
		47DADCE729EB183B0068F375 /* DeleteFromBSTV5.swift in Sources */ = {isa = PBXBuildFile; fileRef = 47DADCE629EB183B0068F375 /* DeleteFromBSTV5.swift */; };
		47DADCF429EB18550068F375 /* DeleteFromBSTV5Tests.swift in Sources */ = {isa = PBXBuildFile; fileRef = 47DADCF329EB18550068F375 /* DeleteFromBSTV5Tests.swift */; };
		47DADCF529EB18550068F375 /* libDeleteFromBSTV5.a in Frameworks */ = {isa = PBXBuildFile; fileRef = 47DADCE329EB183B0068F375 /* libDeleteFromBSTV5.a */; };
/* End PBXBuildFile section */

/* Begin PBXContainerItemProxy section */
		47DADCF629EB18550068F375 /* PBXContainerItemProxy */ = {
			isa = PBXContainerItemProxy;
			containerPortal = 47DADCDB29EB183B0068F375 /* Project object */;
			proxyType = 1;
			remoteGlobalIDString = 47DADCE229EB183B0068F375;
			remoteInfo = DeleteFromBSTV5;
		};
/* End PBXContainerItemProxy section */

/* Begin PBXCopyFilesBuildPhase section */
		47DADCE129EB183B0068F375 /* CopyFiles */ = {
			isa = PBXCopyFilesBuildPhase;
			buildActionMask = 2147483647;
			dstPath = "include/$(PRODUCT_NAME)";
			dstSubfolderSpec = 16;
			files = (
			);
			runOnlyForDeploymentPostprocessing = 0;
		};
/* End PBXCopyFilesBuildPhase section */

/* Begin PBXFileReference section */
		47DADCE329EB183B0068F375 /* libDeleteFromBSTV5.a */ = {isa = PBXFileReference; explicitFileType = archive.ar; includeInIndex = 0; path = libDeleteFromBSTV5.a; sourceTree = BUILT_PRODUCTS_DIR; };
		47DADCE629EB183B0068F375 /* DeleteFromBSTV5.swift */ = {isa = PBXFileReference; lastKnownFileType = sourcecode.swift; path = DeleteFromBSTV5.swift; sourceTree = "<group>"; };
		47DADCF129EB18550068F375 /* DeleteFromBSTV5Tests.xctest */ = {isa = PBXFileReference; explicitFileType = wrapper.cfbundle; includeInIndex = 0; path = DeleteFromBSTV5Tests.xctest; sourceTree = BUILT_PRODUCTS_DIR; };
		47DADCF329EB18550068F375 /* DeleteFromBSTV5Tests.swift */ = {isa = PBXFileReference; lastKnownFileType = sourcecode.swift; path = DeleteFromBSTV5Tests.swift; sourceTree = "<group>"; };
/* End PBXFileReference section */

/* Begin PBXFrameworksBuildPhase section */
		47DADCE029EB183B0068F375 /* Frameworks */ = {
			isa = PBXFrameworksBuildPhase;
			buildActionMask = 2147483647;
			files = (
			);
			runOnlyForDeploymentPostprocessing = 0;
		};
		47DADCEE29EB18550068F375 /* Frameworks */ = {
			isa = PBXFrameworksBuildPhase;
			buildActionMask = 2147483647;
			files = (
				47DADCF529EB18550068F375 /* libDeleteFromBSTV5.a in Frameworks */,
			);
			runOnlyForDeploymentPostprocessing = 0;
		};
/* End PBXFrameworksBuildPhase section */

/* Begin PBXGroup section */
		47DADCDA29EB183B0068F375 = {
			isa = PBXGroup;
			children = (
				47DADCE529EB183B0068F375 /* DeleteFromBSTV5 */,
				47DADCF229EB18550068F375 /* DeleteFromBSTV5Tests */,
				47DADCE429EB183B0068F375 /* Products */,
			);
			sourceTree = "<group>";
		};
		47DADCE429EB183B0068F375 /* Products */ = {
			isa = PBXGroup;
			children = (
				47DADCE329EB183B0068F375 /* libDeleteFromBSTV5.a */,
				47DADCF129EB18550068F375 /* DeleteFromBSTV5Tests.xctest */,
			);
			name = Products;
			sourceTree = "<group>";
		};
		47DADCE529EB183B0068F375 /* DeleteFromBSTV5 */ = {
			isa = PBXGroup;
			children = (
				47DADCE629EB183B0068F375 /* DeleteFromBSTV5.swift */,
			);
			path = DeleteFromBSTV5;
			sourceTree = "<group>";
		};
		47DADCF229EB18550068F375 /* DeleteFromBSTV5Tests */ = {
			isa = PBXGroup;
			children = (
				47DADCF329EB18550068F375 /* DeleteFromBSTV5Tests.swift */,
			);
			path = DeleteFromBSTV5Tests;
			sourceTree = "<group>";
		};
/* End PBXGroup section */

/* Begin PBXNativeTarget section */
		47DADCE229EB183B0068F375 /* DeleteFromBSTV5 */ = {
			isa = PBXNativeTarget;
			buildConfigurationList = 47DADCEA29EB183B0068F375 /* Build configuration list for PBXNativeTarget "DeleteFromBSTV5" */;
			buildPhases = (
				47DADCDF29EB183B0068F375 /* Sources */,
				47DADCE029EB183B0068F375 /* Frameworks */,
				47DADCE129EB183B0068F375 /* CopyFiles */,
			);
			buildRules = (
			);
			dependencies = (
			);
			name = DeleteFromBSTV5;
			productName = DeleteFromBSTV5;
			productReference = 47DADCE329EB183B0068F375 /* libDeleteFromBSTV5.a */;
			productType = "com.apple.product-type.library.static";
		};
		47DADCF029EB18550068F375 /* DeleteFromBSTV5Tests */ = {
			isa = PBXNativeTarget;
			buildConfigurationList = 47DADCF829EB18550068F375 /* Build configuration list for PBXNativeTarget "DeleteFromBSTV5Tests" */;
			buildPhases = (
				47DADCED29EB18550068F375 /* Sources */,
				47DADCEE29EB18550068F375 /* Frameworks */,
				47DADCEF29EB18550068F375 /* Resources */,
			);
			buildRules = (
			);
			dependencies = (
				47DADCF729EB18550068F375 /* PBXTargetDependency */,
			);
			name = DeleteFromBSTV5Tests;
			productName = DeleteFromBSTV5Tests;
			productReference = 47DADCF129EB18550068F375 /* DeleteFromBSTV5Tests.xctest */;
			productType = "com.apple.product-type.bundle.unit-test";
		};
/* End PBXNativeTarget section */

/* Begin PBXProject section */
		47DADCDB29EB183B0068F375 /* Project object */ = {
			isa = PBXProject;
			attributes = {
				BuildIndependentTargetsInParallel = 1;
				LastSwiftUpdateCheck = 1430;
				LastUpgradeCheck = 1430;
				TargetAttributes = {
					47DADCE229EB183B0068F375 = {
						CreatedOnToolsVersion = 14.3;
					};
					47DADCF029EB18550068F375 = {
						CreatedOnToolsVersion = 14.3;
					};
				};
			};
			buildConfigurationList = 47DADCDE29EB183B0068F375 /* Build configuration list for PBXProject "DeleteFromBSTV5" */;
			compatibilityVersion = "Xcode 14.0";
			developmentRegion = en;
			hasScannedForEncodings = 0;
			knownRegions = (
				en,
				Base,
			);
			mainGroup = 47DADCDA29EB183B0068F375;
			productRefGroup = 47DADCE429EB183B0068F375 /* Products */;
			projectDirPath = "";
			projectRoot = "";
			targets = (
				47DADCE229EB183B0068F375 /* DeleteFromBSTV5 */,
				47DADCF029EB18550068F375 /* DeleteFromBSTV5Tests */,
			);
		};
/* End PBXProject section */

/* Begin PBXResourcesBuildPhase section */
		47DADCEF29EB18550068F375 /* Resources */ = {
			isa = PBXResourcesBuildPhase;
			buildActionMask = 2147483647;
			files = (
			);
			runOnlyForDeploymentPostprocessing = 0;
		};
/* End PBXResourcesBuildPhase section */

/* Begin PBXSourcesBuildPhase section */
		47DADCDF29EB183B0068F375 /* Sources */ = {
			isa = PBXSourcesBuildPhase;
			buildActionMask = 2147483647;
			files = (
				47DADCE729EB183B0068F375 /* DeleteFromBSTV5.swift in Sources */,
			);
			runOnlyForDeploymentPostprocessing = 0;
		};
		47DADCED29EB18550068F375 /* Sources */ = {
			isa = PBXSourcesBuildPhase;
			buildActionMask = 2147483647;
			files = (
				47DADCF429EB18550068F375 /* DeleteFromBSTV5Tests.swift in Sources */,
			);
			runOnlyForDeploymentPostprocessing = 0;
		};
/* End PBXSourcesBuildPhase section */

/* Begin PBXTargetDependency section */
		47DADCF729EB18550068F375 /* PBXTargetDependency */ = {
			isa = PBXTargetDependency;
			target = 47DADCE229EB183B0068F375 /* DeleteFromBSTV5 */;
			targetProxy = 47DADCF629EB18550068F375 /* PBXContainerItemProxy */;
		};
/* End PBXTargetDependency section */

/* Begin XCBuildConfiguration section */
		47DADCE829EB183B0068F375 /* Debug */ = {
			isa = XCBuildConfiguration;
			buildSettings = {
				ALWAYS_SEARCH_USER_PATHS = NO;
				CLANG_ANALYZER_NONNULL = YES;
				CLANG_ANALYZER_NUMBER_OBJECT_CONVERSION = YES_AGGRESSIVE;
				CLANG_CXX_LANGUAGE_STANDARD = "gnu++20";
				CLANG_ENABLE_MODULES = YES;
				CLANG_ENABLE_OBJC_ARC = YES;
				CLANG_ENABLE_OBJC_WEAK = YES;
				CLANG_WARN_BLOCK_CAPTURE_AUTORELEASING = YES;
				CLANG_WARN_BOOL_CONVERSION = YES;
				CLANG_WARN_COMMA = YES;
				CLANG_WARN_CONSTANT_CONVERSION = YES;
				CLANG_WARN_DEPRECATED_OBJC_IMPLEMENTATIONS = YES;
				CLANG_WARN_DIRECT_OBJC_ISA_USAGE = YES_ERROR;
				CLANG_WARN_DOCUMENTATION_COMMENTS = YES;
				CLANG_WARN_EMPTY_BODY = YES;
				CLANG_WARN_ENUM_CONVERSION = YES;
				CLANG_WARN_INFINITE_RECURSION = YES;
				CLANG_WARN_INT_CONVERSION = YES;
				CLANG_WARN_NON_LITERAL_NULL_CONVERSION = YES;
				CLANG_WARN_OBJC_IMPLICIT_RETAIN_SELF = YES;
				CLANG_WARN_OBJC_LITERAL_CONVERSION = YES;
				CLANG_WARN_OBJC_ROOT_CLASS = YES_ERROR;
				CLANG_WARN_QUOTED_INCLUDE_IN_FRAMEWORK_HEADER = YES;
				CLANG_WARN_RANGE_LOOP_ANALYSIS = YES;
				CLANG_WARN_STRICT_PROTOTYPES = YES;
				CLANG_WARN_SUSPICIOUS_MOVE = YES;
				CLANG_WARN_UNGUARDED_AVAILABILITY = YES_AGGRESSIVE;
				CLANG_WARN_UNREACHABLE_CODE = YES;
				CLANG_WARN__DUPLICATE_METHOD_MATCH = YES;
				COPY_PHASE_STRIP = NO;
				DEBUG_INFORMATION_FORMAT = dwarf;
				ENABLE_STRICT_OBJC_MSGSEND = YES;
				ENABLE_TESTABILITY = YES;
				GCC_C_LANGUAGE_STANDARD = gnu11;
				GCC_DYNAMIC_NO_PIC = NO;
				GCC_NO_COMMON_BLOCKS = YES;
				GCC_OPTIMIZATION_LEVEL = 0;
				GCC_PREPROCESSOR_DEFINITIONS = (
					"DEBUG=1",
					"$(inherited)",
				);
				GCC_WARN_64_TO_32_BIT_CONVERSION = YES;
				GCC_WARN_ABOUT_RETURN_TYPE = YES_ERROR;
				GCC_WARN_UNDECLARED_SELECTOR = YES;
				GCC_WARN_UNINITIALIZED_AUTOS = YES_AGGRESSIVE;
				GCC_WARN_UNUSED_FUNCTION = YES;
				GCC_WARN_UNUSED_VARIABLE = YES;
				IPHONEOS_DEPLOYMENT_TARGET = 16.4;
				MTL_ENABLE_DEBUG_INFO = INCLUDE_SOURCE;
				MTL_FAST_MATH = YES;
				ONLY_ACTIVE_ARCH = YES;
				SDKROOT = iphoneos;
				SWIFT_ACTIVE_COMPILATION_CONDITIONS = DEBUG;
				SWIFT_OPTIMIZATION_LEVEL = "-Onone";
			};
			name = Debug;
		};
		47DADCE929EB183B0068F375 /* Release */ = {
			isa = XCBuildConfiguration;
			buildSettings = {
				ALWAYS_SEARCH_USER_PATHS = NO;
				CLANG_ANALYZER_NONNULL = YES;
				CLANG_ANALYZER_NUMBER_OBJECT_CONVERSION = YES_AGGRESSIVE;
				CLANG_CXX_LANGUAGE_STANDARD = "gnu++20";
				CLANG_ENABLE_MODULES = YES;
				CLANG_ENABLE_OBJC_ARC = YES;
				CLANG_ENABLE_OBJC_WEAK = YES;
				CLANG_WARN_BLOCK_CAPTURE_AUTORELEASING = YES;
				CLANG_WARN_BOOL_CONVERSION = YES;
				CLANG_WARN_COMMA = YES;
				CLANG_WARN_CONSTANT_CONVERSION = YES;
				CLANG_WARN_DEPRECATED_OBJC_IMPLEMENTATIONS = YES;
				CLANG_WARN_DIRECT_OBJC_ISA_USAGE = YES_ERROR;
				CLANG_WARN_DOCUMENTATION_COMMENTS = YES;
				CLANG_WARN_EMPTY_BODY = YES;
				CLANG_WARN_ENUM_CONVERSION = YES;
				CLANG_WARN_INFINITE_RECURSION = YES;
				CLANG_WARN_INT_CONVERSION = YES;
				CLANG_WARN_NON_LITERAL_NULL_CONVERSION = YES;
				CLANG_WARN_OBJC_IMPLICIT_RETAIN_SELF = YES;
				CLANG_WARN_OBJC_LITERAL_CONVERSION = YES;
				CLANG_WARN_OBJC_ROOT_CLASS = YES_ERROR;
				CLANG_WARN_QUOTED_INCLUDE_IN_FRAMEWORK_HEADER = YES;
				CLANG_WARN_RANGE_LOOP_ANALYSIS = YES;
				CLANG_WARN_STRICT_PROTOTYPES = YES;
				CLANG_WARN_SUSPICIOUS_MOVE = YES;
				CLANG_WARN_UNGUARDED_AVAILABILITY = YES_AGGRESSIVE;
				CLANG_WARN_UNREACHABLE_CODE = YES;
				CLANG_WARN__DUPLICATE_METHOD_MATCH = YES;
				COPY_PHASE_STRIP = NO;
				DEBUG_INFORMATION_FORMAT = "dwarf-with-dsym";
				ENABLE_NS_ASSERTIONS = NO;
				ENABLE_STRICT_OBJC_MSGSEND = YES;
				GCC_C_LANGUAGE_STANDARD = gnu11;
				GCC_NO_COMMON_BLOCKS = YES;
				GCC_WARN_64_TO_32_BIT_CONVERSION = YES;
				GCC_WARN_ABOUT_RETURN_TYPE = YES_ERROR;
				GCC_WARN_UNDECLARED_SELECTOR = YES;
				GCC_WARN_UNINITIALIZED_AUTOS = YES_AGGRESSIVE;
				GCC_WARN_UNUSED_FUNCTION = YES;
				GCC_WARN_UNUSED_VARIABLE = YES;
				IPHONEOS_DEPLOYMENT_TARGET = 16.4;
				MTL_ENABLE_DEBUG_INFO = NO;
				MTL_FAST_MATH = YES;
				SDKROOT = iphoneos;
				SWIFT_COMPILATION_MODE = wholemodule;
				SWIFT_OPTIMIZATION_LEVEL = "-O";
				VALIDATE_PRODUCT = YES;
			};
			name = Release;
		};
		47DADCEB29EB183B0068F375 /* Debug */ = {
			isa = XCBuildConfiguration;
			buildSettings = {
				CODE_SIGN_STYLE = Automatic;
				DEVELOPMENT_TEAM = 63HZLY9JEQ;
				OTHER_LDFLAGS = "-ObjC";
				PRODUCT_NAME = "$(TARGET_NAME)";
				SKIP_INSTALL = YES;
				SWIFT_VERSION = 5.0;
				TARGETED_DEVICE_FAMILY = "1,2";
			};
			name = Debug;
		};
		47DADCEC29EB183B0068F375 /* Release */ = {
			isa = XCBuildConfiguration;
			buildSettings = {
				CODE_SIGN_STYLE = Automatic;
				DEVELOPMENT_TEAM = 63HZLY9JEQ;
				OTHER_LDFLAGS = "-ObjC";
				PRODUCT_NAME = "$(TARGET_NAME)";
				SKIP_INSTALL = YES;
				SWIFT_VERSION = 5.0;
				TARGETED_DEVICE_FAMILY = "1,2";
			};
			name = Release;
		};
		47DADCF929EB18550068F375 /* Debug */ = {
			isa = XCBuildConfiguration;
			buildSettings = {
				CODE_SIGN_STYLE = Automatic;
				CURRENT_PROJECT_VERSION = 1;
				DEVELOPMENT_TEAM = 63HZLY9JEQ;
				GENERATE_INFOPLIST_FILE = YES;
				MARKETING_VERSION = 1.0;
				PRODUCT_BUNDLE_IDENTIFIER = com.beerbarrelpokerstudios.DeleteFromBSTV5Tests;
				PRODUCT_NAME = "$(TARGET_NAME)";
				SWIFT_EMIT_LOC_STRINGS = NO;
				SWIFT_VERSION = 5.0;
				TARGETED_DEVICE_FAMILY = "1,2";
			};
			name = Debug;
		};
		47DADCFA29EB18550068F375 /* Release */ = {
			isa = XCBuildConfiguration;
			buildSettings = {
				CODE_SIGN_STYLE = Automatic;
				CURRENT_PROJECT_VERSION = 1;
				DEVELOPMENT_TEAM = 63HZLY9JEQ;
				GENERATE_INFOPLIST_FILE = YES;
				MARKETING_VERSION = 1.0;
				PRODUCT_BUNDLE_IDENTIFIER = com.beerbarrelpokerstudios.DeleteFromBSTV5Tests;
				PRODUCT_NAME = "$(TARGET_NAME)";
				SWIFT_EMIT_LOC_STRINGS = NO;
				SWIFT_VERSION = 5.0;
				TARGETED_DEVICE_FAMILY = "1,2";
			};
			name = Release;
		};
/* End XCBuildConfiguration section */

/* Begin XCConfigurationList section */
		47DADCDE29EB183B0068F375 /* Build configuration list for PBXProject "DeleteFromBSTV5" */ = {
			isa = XCConfigurationList;
			buildConfigurations = (
				47DADCE829EB183B0068F375 /* Debug */,
				47DADCE929EB183B0068F375 /* Release */,
			);
			defaultConfigurationIsVisible = 0;
			defaultConfigurationName = Release;
		};
		47DADCEA29EB183B0068F375 /* Build configuration list for PBXNativeTarget "DeleteFromBSTV5" */ = {
			isa = XCConfigurationList;
			buildConfigurations = (
				47DADCEB29EB183B0068F375 /* Debug */,
				47DADCEC29EB183B0068F375 /* Release */,
			);
			defaultConfigurationIsVisible = 0;
			defaultConfigurationName = Release;
		};
		47DADCF829EB18550068F375 /* Build configuration list for PBXNativeTarget "DeleteFromBSTV5Tests" */ = {
			isa = XCConfigurationList;
			buildConfigurations = (
				47DADCF929EB18550068F375 /* Debug */,
				47DADCFA29EB18550068F375 /* Release */,
			);
			defaultConfigurationIsVisible = 0;
			defaultConfigurationName = Release;
		};
/* End XCConfigurationList section */
	};
	rootObject = 47DADCDB29EB183B0068F375 /* Project object */;
}
