// !$*UTF8*$!
{
	archiveVersion = 1;
	classes = {
	};
	objectVersion = 56;
	objects = {

/* Begin PBXBuildFile section */
		4727096E298D85B100FEC106 /* SelectionSortV4.swift in Sources */ = {isa = PBXBuildFile; fileRef = 4727096D298D85B100FEC106 /* SelectionSortV4.swift */; };
		4727097B298D85C800FEC106 /* SelectionSortV4Tests.swift in Sources */ = {isa = PBXBuildFile; fileRef = 4727097A298D85C800FEC106 /* SelectionSortV4Tests.swift */; };
		4727097C298D85C800FEC106 /* libSelectionSortV4.a in Frameworks */ = {isa = PBXBuildFile; fileRef = 4727096A298D85B100FEC106 /* libSelectionSortV4.a */; };
/* End PBXBuildFile section */

/* Begin PBXContainerItemProxy section */
		4727097D298D85C800FEC106 /* PBXContainerItemProxy */ = {
			isa = PBXContainerItemProxy;
			containerPortal = 47270962298D85B100FEC106 /* Project object */;
			proxyType = 1;
			remoteGlobalIDString = 47270969298D85B100FEC106;
			remoteInfo = SelectionSortV4;
		};
/* End PBXContainerItemProxy section */

/* Begin PBXCopyFilesBuildPhase section */
		47270968298D85B100FEC106 /* CopyFiles */ = {
			isa = PBXCopyFilesBuildPhase;
			buildActionMask = 2147483647;
			dstPath = "include/$(PRODUCT_NAME)";
			dstSubfolderSpec = 16;
			files = (
			);
			runOnlyForDeploymentPostprocessing = 0;
		};
/* End PBXCopyFilesBuildPhase section */

/* Begin PBXFileReference section */
		4727096A298D85B100FEC106 /* libSelectionSortV4.a */ = {isa = PBXFileReference; explicitFileType = archive.ar; includeInIndex = 0; path = libSelectionSortV4.a; sourceTree = BUILT_PRODUCTS_DIR; };
		4727096D298D85B100FEC106 /* SelectionSortV4.swift */ = {isa = PBXFileReference; lastKnownFileType = sourcecode.swift; path = SelectionSortV4.swift; sourceTree = "<group>"; };
		47270978298D85C800FEC106 /* SelectionSortV4Tests.xctest */ = {isa = PBXFileReference; explicitFileType = wrapper.cfbundle; includeInIndex = 0; path = SelectionSortV4Tests.xctest; sourceTree = BUILT_PRODUCTS_DIR; };
		4727097A298D85C800FEC106 /* SelectionSortV4Tests.swift */ = {isa = PBXFileReference; lastKnownFileType = sourcecode.swift; path = SelectionSortV4Tests.swift; sourceTree = "<group>"; };
/* End PBXFileReference section */

/* Begin PBXFrameworksBuildPhase section */
		47270967298D85B100FEC106 /* Frameworks */ = {
			isa = PBXFrameworksBuildPhase;
			buildActionMask = 2147483647;
			files = (
			);
			runOnlyForDeploymentPostprocessing = 0;
		};
		47270975298D85C800FEC106 /* Frameworks */ = {
			isa = PBXFrameworksBuildPhase;
			buildActionMask = 2147483647;
			files = (
				4727097C298D85C800FEC106 /* libSelectionSortV4.a in Frameworks */,
			);
			runOnlyForDeploymentPostprocessing = 0;
		};
/* End PBXFrameworksBuildPhase section */

/* Begin PBXGroup section */
		47270961298D85B100FEC106 = {
			isa = PBXGroup;
			children = (
				4727096C298D85B100FEC106 /* SelectionSortV4 */,
				47270979298D85C800FEC106 /* SelectionSortV4Tests */,
				4727096B298D85B100FEC106 /* Products */,
			);
			sourceTree = "<group>";
		};
		4727096B298D85B100FEC106 /* Products */ = {
			isa = PBXGroup;
			children = (
				4727096A298D85B100FEC106 /* libSelectionSortV4.a */,
				47270978298D85C800FEC106 /* SelectionSortV4Tests.xctest */,
			);
			name = Products;
			sourceTree = "<group>";
		};
		4727096C298D85B100FEC106 /* SelectionSortV4 */ = {
			isa = PBXGroup;
			children = (
				4727096D298D85B100FEC106 /* SelectionSortV4.swift */,
			);
			path = SelectionSortV4;
			sourceTree = "<group>";
		};
		47270979298D85C800FEC106 /* SelectionSortV4Tests */ = {
			isa = PBXGroup;
			children = (
				4727097A298D85C800FEC106 /* SelectionSortV4Tests.swift */,
			);
			path = SelectionSortV4Tests;
			sourceTree = "<group>";
		};
/* End PBXGroup section */

/* Begin PBXNativeTarget section */
		47270969298D85B100FEC106 /* SelectionSortV4 */ = {
			isa = PBXNativeTarget;
			buildConfigurationList = 47270971298D85B100FEC106 /* Build configuration list for PBXNativeTarget "SelectionSortV4" */;
			buildPhases = (
				47270966298D85B100FEC106 /* Sources */,
				47270967298D85B100FEC106 /* Frameworks */,
				47270968298D85B100FEC106 /* CopyFiles */,
			);
			buildRules = (
			);
			dependencies = (
			);
			name = SelectionSortV4;
			productName = SelectionSortV4;
			productReference = 4727096A298D85B100FEC106 /* libSelectionSortV4.a */;
			productType = "com.apple.product-type.library.static";
		};
		47270977298D85C800FEC106 /* SelectionSortV4Tests */ = {
			isa = PBXNativeTarget;
			buildConfigurationList = 4727097F298D85C800FEC106 /* Build configuration list for PBXNativeTarget "SelectionSortV4Tests" */;
			buildPhases = (
				47270974298D85C800FEC106 /* Sources */,
				47270975298D85C800FEC106 /* Frameworks */,
				47270976298D85C800FEC106 /* Resources */,
			);
			buildRules = (
			);
			dependencies = (
				4727097E298D85C800FEC106 /* PBXTargetDependency */,
			);
			name = SelectionSortV4Tests;
			productName = SelectionSortV4Tests;
			productReference = 47270978298D85C800FEC106 /* SelectionSortV4Tests.xctest */;
			productType = "com.apple.product-type.bundle.unit-test";
		};
/* End PBXNativeTarget section */

/* Begin PBXProject section */
		47270962298D85B100FEC106 /* Project object */ = {
			isa = PBXProject;
			attributes = {
				BuildIndependentTargetsInParallel = 1;
				LastSwiftUpdateCheck = 1420;
				LastUpgradeCheck = 1420;
				TargetAttributes = {
					47270969298D85B100FEC106 = {
						CreatedOnToolsVersion = 14.2;
					};
					47270977298D85C800FEC106 = {
						CreatedOnToolsVersion = 14.2;
					};
				};
			};
			buildConfigurationList = 47270965298D85B100FEC106 /* Build configuration list for PBXProject "SelectionSortV4" */;
			compatibilityVersion = "Xcode 14.0";
			developmentRegion = en;
			hasScannedForEncodings = 0;
			knownRegions = (
				en,
				Base,
			);
			mainGroup = 47270961298D85B100FEC106;
			productRefGroup = 4727096B298D85B100FEC106 /* Products */;
			projectDirPath = "";
			projectRoot = "";
			targets = (
				47270969298D85B100FEC106 /* SelectionSortV4 */,
				47270977298D85C800FEC106 /* SelectionSortV4Tests */,
			);
		};
/* End PBXProject section */

/* Begin PBXResourcesBuildPhase section */
		47270976298D85C800FEC106 /* Resources */ = {
			isa = PBXResourcesBuildPhase;
			buildActionMask = 2147483647;
			files = (
			);
			runOnlyForDeploymentPostprocessing = 0;
		};
/* End PBXResourcesBuildPhase section */

/* Begin PBXSourcesBuildPhase section */
		47270966298D85B100FEC106 /* Sources */ = {
			isa = PBXSourcesBuildPhase;
			buildActionMask = 2147483647;
			files = (
				4727096E298D85B100FEC106 /* SelectionSortV4.swift in Sources */,
			);
			runOnlyForDeploymentPostprocessing = 0;
		};
		47270974298D85C800FEC106 /* Sources */ = {
			isa = PBXSourcesBuildPhase;
			buildActionMask = 2147483647;
			files = (
				4727097B298D85C800FEC106 /* SelectionSortV4Tests.swift in Sources */,
			);
			runOnlyForDeploymentPostprocessing = 0;
		};
/* End PBXSourcesBuildPhase section */

/* Begin PBXTargetDependency section */
		4727097E298D85C800FEC106 /* PBXTargetDependency */ = {
			isa = PBXTargetDependency;
			target = 47270969298D85B100FEC106 /* SelectionSortV4 */;
			targetProxy = 4727097D298D85C800FEC106 /* PBXContainerItemProxy */;
		};
/* End PBXTargetDependency section */

/* Begin XCBuildConfiguration section */
		4727096F298D85B100FEC106 /* Debug */ = {
			isa = XCBuildConfiguration;
			buildSettings = {
				ALWAYS_SEARCH_USER_PATHS = NO;
				CLANG_ANALYZER_NONNULL = YES;
				CLANG_ANALYZER_NUMBER_OBJECT_CONVERSION = YES_AGGRESSIVE;
				CLANG_CXX_LANGUAGE_STANDARD = "gnu++20";
				CLANG_ENABLE_MODULES = YES;
				CLANG_ENABLE_OBJC_ARC = YES;
				CLANG_ENABLE_OBJC_WEAK = YES;
				CLANG_WARN_BLOCK_CAPTURE_AUTORELEASING = YES;
				CLANG_WARN_BOOL_CONVERSION = YES;
				CLANG_WARN_COMMA = YES;
				CLANG_WARN_CONSTANT_CONVERSION = YES;
				CLANG_WARN_DEPRECATED_OBJC_IMPLEMENTATIONS = YES;
				CLANG_WARN_DIRECT_OBJC_ISA_USAGE = YES_ERROR;
				CLANG_WARN_DOCUMENTATION_COMMENTS = YES;
				CLANG_WARN_EMPTY_BODY = YES;
				CLANG_WARN_ENUM_CONVERSION = YES;
				CLANG_WARN_INFINITE_RECURSION = YES;
				CLANG_WARN_INT_CONVERSION = YES;
				CLANG_WARN_NON_LITERAL_NULL_CONVERSION = YES;
				CLANG_WARN_OBJC_IMPLICIT_RETAIN_SELF = YES;
				CLANG_WARN_OBJC_LITERAL_CONVERSION = YES;
				CLANG_WARN_OBJC_ROOT_CLASS = YES_ERROR;
				CLANG_WARN_QUOTED_INCLUDE_IN_FRAMEWORK_HEADER = YES;
				CLANG_WARN_RANGE_LOOP_ANALYSIS = YES;
				CLANG_WARN_STRICT_PROTOTYPES = YES;
				CLANG_WARN_SUSPICIOUS_MOVE = YES;
				CLANG_WARN_UNGUARDED_AVAILABILITY = YES_AGGRESSIVE;
				CLANG_WARN_UNREACHABLE_CODE = YES;
				CLANG_WARN__DUPLICATE_METHOD_MATCH = YES;
				COPY_PHASE_STRIP = NO;
				DEBUG_INFORMATION_FORMAT = dwarf;
				ENABLE_STRICT_OBJC_MSGSEND = YES;
				ENABLE_TESTABILITY = YES;
				GCC_C_LANGUAGE_STANDARD = gnu11;
				GCC_DYNAMIC_NO_PIC = NO;
				GCC_NO_COMMON_BLOCKS = YES;
				GCC_OPTIMIZATION_LEVEL = 0;
				GCC_PREPROCESSOR_DEFINITIONS = (
					"DEBUG=1",
					"$(inherited)",
				);
				GCC_WARN_64_TO_32_BIT_CONVERSION = YES;
				GCC_WARN_ABOUT_RETURN_TYPE = YES_ERROR;
				GCC_WARN_UNDECLARED_SELECTOR = YES;
				GCC_WARN_UNINITIALIZED_AUTOS = YES_AGGRESSIVE;
				GCC_WARN_UNUSED_FUNCTION = YES;
				GCC_WARN_UNUSED_VARIABLE = YES;
				IPHONEOS_DEPLOYMENT_TARGET = 16.2;
				MTL_ENABLE_DEBUG_INFO = INCLUDE_SOURCE;
				MTL_FAST_MATH = YES;
				ONLY_ACTIVE_ARCH = YES;
				SDKROOT = iphoneos;
				SWIFT_ACTIVE_COMPILATION_CONDITIONS = DEBUG;
				SWIFT_OPTIMIZATION_LEVEL = "-Onone";
			};
			name = Debug;
		};
		47270970298D85B100FEC106 /* Release */ = {
			isa = XCBuildConfiguration;
			buildSettings = {
				ALWAYS_SEARCH_USER_PATHS = NO;
				CLANG_ANALYZER_NONNULL = YES;
				CLANG_ANALYZER_NUMBER_OBJECT_CONVERSION = YES_AGGRESSIVE;
				CLANG_CXX_LANGUAGE_STANDARD = "gnu++20";
				CLANG_ENABLE_MODULES = YES;
				CLANG_ENABLE_OBJC_ARC = YES;
				CLANG_ENABLE_OBJC_WEAK = YES;
				CLANG_WARN_BLOCK_CAPTURE_AUTORELEASING = YES;
				CLANG_WARN_BOOL_CONVERSION = YES;
				CLANG_WARN_COMMA = YES;
				CLANG_WARN_CONSTANT_CONVERSION = YES;
				CLANG_WARN_DEPRECATED_OBJC_IMPLEMENTATIONS = YES;
				CLANG_WARN_DIRECT_OBJC_ISA_USAGE = YES_ERROR;
				CLANG_WARN_DOCUMENTATION_COMMENTS = YES;
				CLANG_WARN_EMPTY_BODY = YES;
				CLANG_WARN_ENUM_CONVERSION = YES;
				CLANG_WARN_INFINITE_RECURSION = YES;
				CLANG_WARN_INT_CONVERSION = YES;
				CLANG_WARN_NON_LITERAL_NULL_CONVERSION = YES;
				CLANG_WARN_OBJC_IMPLICIT_RETAIN_SELF = YES;
				CLANG_WARN_OBJC_LITERAL_CONVERSION = YES;
				CLANG_WARN_OBJC_ROOT_CLASS = YES_ERROR;
				CLANG_WARN_QUOTED_INCLUDE_IN_FRAMEWORK_HEADER = YES;
				CLANG_WARN_RANGE_LOOP_ANALYSIS = YES;
				CLANG_WARN_STRICT_PROTOTYPES = YES;
				CLANG_WARN_SUSPICIOUS_MOVE = YES;
				CLANG_WARN_UNGUARDED_AVAILABILITY = YES_AGGRESSIVE;
				CLANG_WARN_UNREACHABLE_CODE = YES;
				CLANG_WARN__DUPLICATE_METHOD_MATCH = YES;
				COPY_PHASE_STRIP = NO;
				DEBUG_INFORMATION_FORMAT = "dwarf-with-dsym";
				ENABLE_NS_ASSERTIONS = NO;
				ENABLE_STRICT_OBJC_MSGSEND = YES;
				GCC_C_LANGUAGE_STANDARD = gnu11;
				GCC_NO_COMMON_BLOCKS = YES;
				GCC_WARN_64_TO_32_BIT_CONVERSION = YES;
				GCC_WARN_ABOUT_RETURN_TYPE = YES_ERROR;
				GCC_WARN_UNDECLARED_SELECTOR = YES;
				GCC_WARN_UNINITIALIZED_AUTOS = YES_AGGRESSIVE;
				GCC_WARN_UNUSED_FUNCTION = YES;
				GCC_WARN_UNUSED_VARIABLE = YES;
				IPHONEOS_DEPLOYMENT_TARGET = 16.2;
				MTL_ENABLE_DEBUG_INFO = NO;
				MTL_FAST_MATH = YES;
				SDKROOT = iphoneos;
				SWIFT_COMPILATION_MODE = wholemodule;
				SWIFT_OPTIMIZATION_LEVEL = "-O";
				VALIDATE_PRODUCT = YES;
			};
			name = Release;
		};
		47270972298D85B100FEC106 /* Debug */ = {
			isa = XCBuildConfiguration;
			buildSettings = {
				CODE_SIGN_STYLE = Automatic;
				DEVELOPMENT_TEAM = 63HZLY9JEQ;
				OTHER_LDFLAGS = "-ObjC";
				PRODUCT_NAME = "$(TARGET_NAME)";
				SKIP_INSTALL = YES;
				SWIFT_VERSION = 5.0;
				TARGETED_DEVICE_FAMILY = "1,2";
			};
			name = Debug;
		};
		47270973298D85B100FEC106 /* Release */ = {
			isa = XCBuildConfiguration;
			buildSettings = {
				CODE_SIGN_STYLE = Automatic;
				DEVELOPMENT_TEAM = 63HZLY9JEQ;
				OTHER_LDFLAGS = "-ObjC";
				PRODUCT_NAME = "$(TARGET_NAME)";
				SKIP_INSTALL = YES;
				SWIFT_VERSION = 5.0;
				TARGETED_DEVICE_FAMILY = "1,2";
			};
			name = Release;
		};
		47270980298D85C800FEC106 /* Debug */ = {
			isa = XCBuildConfiguration;
			buildSettings = {
				CODE_SIGN_STYLE = Automatic;
				CURRENT_PROJECT_VERSION = 1;
				DEVELOPMENT_TEAM = 63HZLY9JEQ;
				GENERATE_INFOPLIST_FILE = YES;
				MARKETING_VERSION = 1.0;
				PRODUCT_BUNDLE_IDENTIFIER = com.beerbarrelpokerstudios.SelectionSortV4Tests;
				PRODUCT_NAME = "$(TARGET_NAME)";
				SWIFT_EMIT_LOC_STRINGS = NO;
				SWIFT_VERSION = 5.0;
				TARGETED_DEVICE_FAMILY = "1,2";
			};
			name = Debug;
		};
		47270981298D85C800FEC106 /* Release */ = {
			isa = XCBuildConfiguration;
			buildSettings = {
				CODE_SIGN_STYLE = Automatic;
				CURRENT_PROJECT_VERSION = 1;
				DEVELOPMENT_TEAM = 63HZLY9JEQ;
				GENERATE_INFOPLIST_FILE = YES;
				MARKETING_VERSION = 1.0;
				PRODUCT_BUNDLE_IDENTIFIER = com.beerbarrelpokerstudios.SelectionSortV4Tests;
				PRODUCT_NAME = "$(TARGET_NAME)";
				SWIFT_EMIT_LOC_STRINGS = NO;
				SWIFT_VERSION = 5.0;
				TARGETED_DEVICE_FAMILY = "1,2";
			};
			name = Release;
		};
/* End XCBuildConfiguration section */

/* Begin XCConfigurationList section */
		47270965298D85B100FEC106 /* Build configuration list for PBXProject "SelectionSortV4" */ = {
			isa = XCConfigurationList;
			buildConfigurations = (
				4727096F298D85B100FEC106 /* Debug */,
				47270970298D85B100FEC106 /* Release */,
			);
			defaultConfigurationIsVisible = 0;
			defaultConfigurationName = Release;
		};
		47270971298D85B100FEC106 /* Build configuration list for PBXNativeTarget "SelectionSortV4" */ = {
			isa = XCConfigurationList;
			buildConfigurations = (
				47270972298D85B100FEC106 /* Debug */,
				47270973298D85B100FEC106 /* Release */,
			);
			defaultConfigurationIsVisible = 0;
			defaultConfigurationName = Release;
		};
		4727097F298D85C800FEC106 /* Build configuration list for PBXNativeTarget "SelectionSortV4Tests" */ = {
			isa = XCConfigurationList;
			buildConfigurations = (
				47270980298D85C800FEC106 /* Debug */,
				47270981298D85C800FEC106 /* Release */,
			);
			defaultConfigurationIsVisible = 0;
			defaultConfigurationName = Release;
		};
/* End XCConfigurationList section */
	};
	rootObject = 47270962298D85B100FEC106 /* Project object */;
}
