// !$*UTF8*$!
{
	archiveVersion = 1;
	classes = {
	};
	objectVersion = 56;
	objects = {

/* Begin PBXBuildFile section */
		473FDB9429B7C2020089354C /* ReviewAllSortsV31.swift in Sources */ = {isa = PBXBuildFile; fileRef = 473FDB9329B7C2020089354C /* ReviewAllSortsV31.swift */; };
		473FDBA129B7C21B0089354C /* ReviewAllSortsV31Tests.swift in Sources */ = {isa = PBXBuildFile; fileRef = 473FDBA029B7C21B0089354C /* ReviewAllSortsV31Tests.swift */; };
		473FDBA229B7C21B0089354C /* libReviewAllSortsV31.a in Frameworks */ = {isa = PBXBuildFile; fileRef = 473FDB9029B7C2020089354C /* libReviewAllSortsV31.a */; };
/* End PBXBuildFile section */

/* Begin PBXContainerItemProxy section */
		473FDBA329B7C21B0089354C /* PBXContainerItemProxy */ = {
			isa = PBXContainerItemProxy;
			containerPortal = 473FDB8829B7C2020089354C /* Project object */;
			proxyType = 1;
			remoteGlobalIDString = 473FDB8F29B7C2020089354C;
			remoteInfo = ReviewAllSortsV31;
		};
/* End PBXContainerItemProxy section */

/* Begin PBXCopyFilesBuildPhase section */
		473FDB8E29B7C2020089354C /* CopyFiles */ = {
			isa = PBXCopyFilesBuildPhase;
			buildActionMask = 2147483647;
			dstPath = "include/$(PRODUCT_NAME)";
			dstSubfolderSpec = 16;
			files = (
			);
			runOnlyForDeploymentPostprocessing = 0;
		};
/* End PBXCopyFilesBuildPhase section */

/* Begin PBXFileReference section */
		473FDB9029B7C2020089354C /* libReviewAllSortsV31.a */ = {isa = PBXFileReference; explicitFileType = archive.ar; includeInIndex = 0; path = libReviewAllSortsV31.a; sourceTree = BUILT_PRODUCTS_DIR; };
		473FDB9329B7C2020089354C /* ReviewAllSortsV31.swift */ = {isa = PBXFileReference; lastKnownFileType = sourcecode.swift; path = ReviewAllSortsV31.swift; sourceTree = "<group>"; };
		473FDB9E29B7C21B0089354C /* ReviewAllSortsV31Tests.xctest */ = {isa = PBXFileReference; explicitFileType = wrapper.cfbundle; includeInIndex = 0; path = ReviewAllSortsV31Tests.xctest; sourceTree = BUILT_PRODUCTS_DIR; };
		473FDBA029B7C21B0089354C /* ReviewAllSortsV31Tests.swift */ = {isa = PBXFileReference; lastKnownFileType = sourcecode.swift; path = ReviewAllSortsV31Tests.swift; sourceTree = "<group>"; };
/* End PBXFileReference section */

/* Begin PBXFrameworksBuildPhase section */
		473FDB8D29B7C2020089354C /* Frameworks */ = {
			isa = PBXFrameworksBuildPhase;
			buildActionMask = 2147483647;
			files = (
			);
			runOnlyForDeploymentPostprocessing = 0;
		};
		473FDB9B29B7C21B0089354C /* Frameworks */ = {
			isa = PBXFrameworksBuildPhase;
			buildActionMask = 2147483647;
			files = (
				473FDBA229B7C21B0089354C /* libReviewAllSortsV31.a in Frameworks */,
			);
			runOnlyForDeploymentPostprocessing = 0;
		};
/* End PBXFrameworksBuildPhase section */

/* Begin PBXGroup section */
		473FDB8729B7C2020089354C = {
			isa = PBXGroup;
			children = (
				473FDB9229B7C2020089354C /* ReviewAllSortsV31 */,
				473FDB9F29B7C21B0089354C /* ReviewAllSortsV31Tests */,
				473FDB9129B7C2020089354C /* Products */,
			);
			sourceTree = "<group>";
		};
		473FDB9129B7C2020089354C /* Products */ = {
			isa = PBXGroup;
			children = (
				473FDB9029B7C2020089354C /* libReviewAllSortsV31.a */,
				473FDB9E29B7C21B0089354C /* ReviewAllSortsV31Tests.xctest */,
			);
			name = Products;
			sourceTree = "<group>";
		};
		473FDB9229B7C2020089354C /* ReviewAllSortsV31 */ = {
			isa = PBXGroup;
			children = (
				473FDB9329B7C2020089354C /* ReviewAllSortsV31.swift */,
			);
			path = ReviewAllSortsV31;
			sourceTree = "<group>";
		};
		473FDB9F29B7C21B0089354C /* ReviewAllSortsV31Tests */ = {
			isa = PBXGroup;
			children = (
				473FDBA029B7C21B0089354C /* ReviewAllSortsV31Tests.swift */,
			);
			path = ReviewAllSortsV31Tests;
			sourceTree = "<group>";
		};
/* End PBXGroup section */

/* Begin PBXNativeTarget section */
		473FDB8F29B7C2020089354C /* ReviewAllSortsV31 */ = {
			isa = PBXNativeTarget;
			buildConfigurationList = 473FDB9729B7C2020089354C /* Build configuration list for PBXNativeTarget "ReviewAllSortsV31" */;
			buildPhases = (
				473FDB8C29B7C2020089354C /* Sources */,
				473FDB8D29B7C2020089354C /* Frameworks */,
				473FDB8E29B7C2020089354C /* CopyFiles */,
			);
			buildRules = (
			);
			dependencies = (
			);
			name = ReviewAllSortsV31;
			productName = ReviewAllSortsV31;
			productReference = 473FDB9029B7C2020089354C /* libReviewAllSortsV31.a */;
			productType = "com.apple.product-type.library.static";
		};
		473FDB9D29B7C21B0089354C /* ReviewAllSortsV31Tests */ = {
			isa = PBXNativeTarget;
			buildConfigurationList = 473FDBA529B7C21B0089354C /* Build configuration list for PBXNativeTarget "ReviewAllSortsV31Tests" */;
			buildPhases = (
				473FDB9A29B7C21B0089354C /* Sources */,
				473FDB9B29B7C21B0089354C /* Frameworks */,
				473FDB9C29B7C21B0089354C /* Resources */,
			);
			buildRules = (
			);
			dependencies = (
				473FDBA429B7C21B0089354C /* PBXTargetDependency */,
			);
			name = ReviewAllSortsV31Tests;
			productName = ReviewAllSortsV31Tests;
			productReference = 473FDB9E29B7C21B0089354C /* ReviewAllSortsV31Tests.xctest */;
			productType = "com.apple.product-type.bundle.unit-test";
		};
/* End PBXNativeTarget section */

/* Begin PBXProject section */
		473FDB8829B7C2020089354C /* Project object */ = {
			isa = PBXProject;
			attributes = {
				BuildIndependentTargetsInParallel = 1;
				LastSwiftUpdateCheck = 1420;
				LastUpgradeCheck = 1420;
				TargetAttributes = {
					473FDB8F29B7C2020089354C = {
						CreatedOnToolsVersion = 14.2;
					};
					473FDB9D29B7C21B0089354C = {
						CreatedOnToolsVersion = 14.2;
					};
				};
			};
			buildConfigurationList = 473FDB8B29B7C2020089354C /* Build configuration list for PBXProject "ReviewAllSortsV31" */;
			compatibilityVersion = "Xcode 14.0";
			developmentRegion = en;
			hasScannedForEncodings = 0;
			knownRegions = (
				en,
				Base,
			);
			mainGroup = 473FDB8729B7C2020089354C;
			productRefGroup = 473FDB9129B7C2020089354C /* Products */;
			projectDirPath = "";
			projectRoot = "";
			targets = (
				473FDB8F29B7C2020089354C /* ReviewAllSortsV31 */,
				473FDB9D29B7C21B0089354C /* ReviewAllSortsV31Tests */,
			);
		};
/* End PBXProject section */

/* Begin PBXResourcesBuildPhase section */
		473FDB9C29B7C21B0089354C /* Resources */ = {
			isa = PBXResourcesBuildPhase;
			buildActionMask = 2147483647;
			files = (
			);
			runOnlyForDeploymentPostprocessing = 0;
		};
/* End PBXResourcesBuildPhase section */

/* Begin PBXSourcesBuildPhase section */
		473FDB8C29B7C2020089354C /* Sources */ = {
			isa = PBXSourcesBuildPhase;
			buildActionMask = 2147483647;
			files = (
				473FDB9429B7C2020089354C /* ReviewAllSortsV31.swift in Sources */,
			);
			runOnlyForDeploymentPostprocessing = 0;
		};
		473FDB9A29B7C21B0089354C /* Sources */ = {
			isa = PBXSourcesBuildPhase;
			buildActionMask = 2147483647;
			files = (
				473FDBA129B7C21B0089354C /* ReviewAllSortsV31Tests.swift in Sources */,
			);
			runOnlyForDeploymentPostprocessing = 0;
		};
/* End PBXSourcesBuildPhase section */

/* Begin PBXTargetDependency section */
		473FDBA429B7C21B0089354C /* PBXTargetDependency */ = {
			isa = PBXTargetDependency;
			target = 473FDB8F29B7C2020089354C /* ReviewAllSortsV31 */;
			targetProxy = 473FDBA329B7C21B0089354C /* PBXContainerItemProxy */;
		};
/* End PBXTargetDependency section */

/* Begin XCBuildConfiguration section */
		473FDB9529B7C2020089354C /* Debug */ = {
			isa = XCBuildConfiguration;
			buildSettings = {
				ALWAYS_SEARCH_USER_PATHS = NO;
				CLANG_ANALYZER_NONNULL = YES;
				CLANG_ANALYZER_NUMBER_OBJECT_CONVERSION = YES_AGGRESSIVE;
				CLANG_CXX_LANGUAGE_STANDARD = "gnu++20";
				CLANG_ENABLE_MODULES = YES;
				CLANG_ENABLE_OBJC_ARC = YES;
				CLANG_ENABLE_OBJC_WEAK = YES;
				CLANG_WARN_BLOCK_CAPTURE_AUTORELEASING = YES;
				CLANG_WARN_BOOL_CONVERSION = YES;
				CLANG_WARN_COMMA = YES;
				CLANG_WARN_CONSTANT_CONVERSION = YES;
				CLANG_WARN_DEPRECATED_OBJC_IMPLEMENTATIONS = YES;
				CLANG_WARN_DIRECT_OBJC_ISA_USAGE = YES_ERROR;
				CLANG_WARN_DOCUMENTATION_COMMENTS = YES;
				CLANG_WARN_EMPTY_BODY = YES;
				CLANG_WARN_ENUM_CONVERSION = YES;
				CLANG_WARN_INFINITE_RECURSION = YES;
				CLANG_WARN_INT_CONVERSION = YES;
				CLANG_WARN_NON_LITERAL_NULL_CONVERSION = YES;
				CLANG_WARN_OBJC_IMPLICIT_RETAIN_SELF = YES;
				CLANG_WARN_OBJC_LITERAL_CONVERSION = YES;
				CLANG_WARN_OBJC_ROOT_CLASS = YES_ERROR;
				CLANG_WARN_QUOTED_INCLUDE_IN_FRAMEWORK_HEADER = YES;
				CLANG_WARN_RANGE_LOOP_ANALYSIS = YES;
				CLANG_WARN_STRICT_PROTOTYPES = YES;
				CLANG_WARN_SUSPICIOUS_MOVE = YES;
				CLANG_WARN_UNGUARDED_AVAILABILITY = YES_AGGRESSIVE;
				CLANG_WARN_UNREACHABLE_CODE = YES;
				CLANG_WARN__DUPLICATE_METHOD_MATCH = YES;
				COPY_PHASE_STRIP = NO;
				DEBUG_INFORMATION_FORMAT = dwarf;
				ENABLE_STRICT_OBJC_MSGSEND = YES;
				ENABLE_TESTABILITY = YES;
				GCC_C_LANGUAGE_STANDARD = gnu11;
				GCC_DYNAMIC_NO_PIC = NO;
				GCC_NO_COMMON_BLOCKS = YES;
				GCC_OPTIMIZATION_LEVEL = 0;
				GCC_PREPROCESSOR_DEFINITIONS = (
					"DEBUG=1",
					"$(inherited)",
				);
				GCC_WARN_64_TO_32_BIT_CONVERSION = YES;
				GCC_WARN_ABOUT_RETURN_TYPE = YES_ERROR;
				GCC_WARN_UNDECLARED_SELECTOR = YES;
				GCC_WARN_UNINITIALIZED_AUTOS = YES_AGGRESSIVE;
				GCC_WARN_UNUSED_FUNCTION = YES;
				GCC_WARN_UNUSED_VARIABLE = YES;
				IPHONEOS_DEPLOYMENT_TARGET = 16.2;
				MTL_ENABLE_DEBUG_INFO = INCLUDE_SOURCE;
				MTL_FAST_MATH = YES;
				ONLY_ACTIVE_ARCH = YES;
				SDKROOT = iphoneos;
				SWIFT_ACTIVE_COMPILATION_CONDITIONS = DEBUG;
				SWIFT_OPTIMIZATION_LEVEL = "-Onone";
			};
			name = Debug;
		};
		473FDB9629B7C2020089354C /* Release */ = {
			isa = XCBuildConfiguration;
			buildSettings = {
				ALWAYS_SEARCH_USER_PATHS = NO;
				CLANG_ANALYZER_NONNULL = YES;
				CLANG_ANALYZER_NUMBER_OBJECT_CONVERSION = YES_AGGRESSIVE;
				CLANG_CXX_LANGUAGE_STANDARD = "gnu++20";
				CLANG_ENABLE_MODULES = YES;
				CLANG_ENABLE_OBJC_ARC = YES;
				CLANG_ENABLE_OBJC_WEAK = YES;
				CLANG_WARN_BLOCK_CAPTURE_AUTORELEASING = YES;
				CLANG_WARN_BOOL_CONVERSION = YES;
				CLANG_WARN_COMMA = YES;
				CLANG_WARN_CONSTANT_CONVERSION = YES;
				CLANG_WARN_DEPRECATED_OBJC_IMPLEMENTATIONS = YES;
				CLANG_WARN_DIRECT_OBJC_ISA_USAGE = YES_ERROR;
				CLANG_WARN_DOCUMENTATION_COMMENTS = YES;
				CLANG_WARN_EMPTY_BODY = YES;
				CLANG_WARN_ENUM_CONVERSION = YES;
				CLANG_WARN_INFINITE_RECURSION = YES;
				CLANG_WARN_INT_CONVERSION = YES;
				CLANG_WARN_NON_LITERAL_NULL_CONVERSION = YES;
				CLANG_WARN_OBJC_IMPLICIT_RETAIN_SELF = YES;
				CLANG_WARN_OBJC_LITERAL_CONVERSION = YES;
				CLANG_WARN_OBJC_ROOT_CLASS = YES_ERROR;
				CLANG_WARN_QUOTED_INCLUDE_IN_FRAMEWORK_HEADER = YES;
				CLANG_WARN_RANGE_LOOP_ANALYSIS = YES;
				CLANG_WARN_STRICT_PROTOTYPES = YES;
				CLANG_WARN_SUSPICIOUS_MOVE = YES;
				CLANG_WARN_UNGUARDED_AVAILABILITY = YES_AGGRESSIVE;
				CLANG_WARN_UNREACHABLE_CODE = YES;
				CLANG_WARN__DUPLICATE_METHOD_MATCH = YES;
				COPY_PHASE_STRIP = NO;
				DEBUG_INFORMATION_FORMAT = "dwarf-with-dsym";
				ENABLE_NS_ASSERTIONS = NO;
				ENABLE_STRICT_OBJC_MSGSEND = YES;
				GCC_C_LANGUAGE_STANDARD = gnu11;
				GCC_NO_COMMON_BLOCKS = YES;
				GCC_WARN_64_TO_32_BIT_CONVERSION = YES;
				GCC_WARN_ABOUT_RETURN_TYPE = YES_ERROR;
				GCC_WARN_UNDECLARED_SELECTOR = YES;
				GCC_WARN_UNINITIALIZED_AUTOS = YES_AGGRESSIVE;
				GCC_WARN_UNUSED_FUNCTION = YES;
				GCC_WARN_UNUSED_VARIABLE = YES;
				IPHONEOS_DEPLOYMENT_TARGET = 16.2;
				MTL_ENABLE_DEBUG_INFO = NO;
				MTL_FAST_MATH = YES;
				SDKROOT = iphoneos;
				SWIFT_COMPILATION_MODE = wholemodule;
				SWIFT_OPTIMIZATION_LEVEL = "-O";
				VALIDATE_PRODUCT = YES;
			};
			name = Release;
		};
		473FDB9829B7C2020089354C /* Debug */ = {
			isa = XCBuildConfiguration;
			buildSettings = {
				CODE_SIGN_STYLE = Automatic;
				DEVELOPMENT_TEAM = 63HZLY9JEQ;
				OTHER_LDFLAGS = "-ObjC";
				PRODUCT_NAME = "$(TARGET_NAME)";
				SKIP_INSTALL = YES;
				SWIFT_VERSION = 5.0;
				TARGETED_DEVICE_FAMILY = "1,2";
			};
			name = Debug;
		};
		473FDB9929B7C2020089354C /* Release */ = {
			isa = XCBuildConfiguration;
			buildSettings = {
				CODE_SIGN_STYLE = Automatic;
				DEVELOPMENT_TEAM = 63HZLY9JEQ;
				OTHER_LDFLAGS = "-ObjC";
				PRODUCT_NAME = "$(TARGET_NAME)";
				SKIP_INSTALL = YES;
				SWIFT_VERSION = 5.0;
				TARGETED_DEVICE_FAMILY = "1,2";
			};
			name = Release;
		};
		473FDBA629B7C21B0089354C /* Debug */ = {
			isa = XCBuildConfiguration;
			buildSettings = {
				CODE_SIGN_STYLE = Automatic;
				CURRENT_PROJECT_VERSION = 1;
				DEVELOPMENT_TEAM = 63HZLY9JEQ;
				GENERATE_INFOPLIST_FILE = YES;
				MARKETING_VERSION = 1.0;
				PRODUCT_BUNDLE_IDENTIFIER = com.beerbarrelpokerstudios.ReviewAllSortsV31Tests;
				PRODUCT_NAME = "$(TARGET_NAME)";
				SWIFT_EMIT_LOC_STRINGS = NO;
				SWIFT_VERSION = 5.0;
				TARGETED_DEVICE_FAMILY = "1,2";
			};
			name = Debug;
		};
		473FDBA729B7C21B0089354C /* Release */ = {
			isa = XCBuildConfiguration;
			buildSettings = {
				CODE_SIGN_STYLE = Automatic;
				CURRENT_PROJECT_VERSION = 1;
				DEVELOPMENT_TEAM = 63HZLY9JEQ;
				GENERATE_INFOPLIST_FILE = YES;
				MARKETING_VERSION = 1.0;
				PRODUCT_BUNDLE_IDENTIFIER = com.beerbarrelpokerstudios.ReviewAllSortsV31Tests;
				PRODUCT_NAME = "$(TARGET_NAME)";
				SWIFT_EMIT_LOC_STRINGS = NO;
				SWIFT_VERSION = 5.0;
				TARGETED_DEVICE_FAMILY = "1,2";
			};
			name = Release;
		};
/* End XCBuildConfiguration section */

/* Begin XCConfigurationList section */
		473FDB8B29B7C2020089354C /* Build configuration list for PBXProject "ReviewAllSortsV31" */ = {
			isa = XCConfigurationList;
			buildConfigurations = (
				473FDB9529B7C2020089354C /* Debug */,
				473FDB9629B7C2020089354C /* Release */,
			);
			defaultConfigurationIsVisible = 0;
			defaultConfigurationName = Release;
		};
		473FDB9729B7C2020089354C /* Build configuration list for PBXNativeTarget "ReviewAllSortsV31" */ = {
			isa = XCConfigurationList;
			buildConfigurations = (
				473FDB9829B7C2020089354C /* Debug */,
				473FDB9929B7C2020089354C /* Release */,
			);
			defaultConfigurationIsVisible = 0;
			defaultConfigurationName = Release;
		};
		473FDBA529B7C21B0089354C /* Build configuration list for PBXNativeTarget "ReviewAllSortsV31Tests" */ = {
			isa = XCConfigurationList;
			buildConfigurations = (
				473FDBA629B7C21B0089354C /* Debug */,
				473FDBA729B7C21B0089354C /* Release */,
			);
			defaultConfigurationIsVisible = 0;
			defaultConfigurationName = Release;
		};
/* End XCConfigurationList section */
	};
	rootObject = 473FDB8829B7C2020089354C /* Project object */;
}
