// !$*UTF8*$!
{
	archiveVersion = 1;
	classes = {
	};
	objectVersion = 56;
	objects = {

/* Begin PBXBuildFile section */
		47CDA07D2996BCB800367F17 /* RadixSortV1.swift in Sources */ = {isa = PBXBuildFile; fileRef = 47CDA07C2996BCB800367F17 /* RadixSortV1.swift */; };
		47CDA08A2996BCC800367F17 /* RadixSortV1Tests.swift in Sources */ = {isa = PBXBuildFile; fileRef = 47CDA0892996BCC800367F17 /* RadixSortV1Tests.swift */; };
		47CDA08B2996BCC800367F17 /* libRadixSortV1.a in Frameworks */ = {isa = PBXBuildFile; fileRef = 47CDA0792996BCB800367F17 /* libRadixSortV1.a */; };
/* End PBXBuildFile section */

/* Begin PBXContainerItemProxy section */
		47CDA08C2996BCC800367F17 /* PBXContainerItemProxy */ = {
			isa = PBXContainerItemProxy;
			containerPortal = 47CDA0712996BCB800367F17 /* Project object */;
			proxyType = 1;
			remoteGlobalIDString = 47CDA0782996BCB800367F17;
			remoteInfo = RadixSortV1;
		};
/* End PBXContainerItemProxy section */

/* Begin PBXCopyFilesBuildPhase section */
		47CDA0772996BCB800367F17 /* CopyFiles */ = {
			isa = PBXCopyFilesBuildPhase;
			buildActionMask = 2147483647;
			dstPath = "include/$(PRODUCT_NAME)";
			dstSubfolderSpec = 16;
			files = (
			);
			runOnlyForDeploymentPostprocessing = 0;
		};
/* End PBXCopyFilesBuildPhase section */

/* Begin PBXFileReference section */
		47CDA0792996BCB800367F17 /* libRadixSortV1.a */ = {isa = PBXFileReference; explicitFileType = archive.ar; includeInIndex = 0; path = libRadixSortV1.a; sourceTree = BUILT_PRODUCTS_DIR; };
		47CDA07C2996BCB800367F17 /* RadixSortV1.swift */ = {isa = PBXFileReference; lastKnownFileType = sourcecode.swift; path = RadixSortV1.swift; sourceTree = "<group>"; };
		47CDA0872996BCC800367F17 /* RadixSortV1Tests.xctest */ = {isa = PBXFileReference; explicitFileType = wrapper.cfbundle; includeInIndex = 0; path = RadixSortV1Tests.xctest; sourceTree = BUILT_PRODUCTS_DIR; };
		47CDA0892996BCC800367F17 /* RadixSortV1Tests.swift */ = {isa = PBXFileReference; lastKnownFileType = sourcecode.swift; path = RadixSortV1Tests.swift; sourceTree = "<group>"; };
/* End PBXFileReference section */

/* Begin PBXFrameworksBuildPhase section */
		47CDA0762996BCB800367F17 /* Frameworks */ = {
			isa = PBXFrameworksBuildPhase;
			buildActionMask = 2147483647;
			files = (
			);
			runOnlyForDeploymentPostprocessing = 0;
		};
		47CDA0842996BCC800367F17 /* Frameworks */ = {
			isa = PBXFrameworksBuildPhase;
			buildActionMask = 2147483647;
			files = (
				47CDA08B2996BCC800367F17 /* libRadixSortV1.a in Frameworks */,
			);
			runOnlyForDeploymentPostprocessing = 0;
		};
/* End PBXFrameworksBuildPhase section */

/* Begin PBXGroup section */
		47CDA0702996BCB800367F17 = {
			isa = PBXGroup;
			children = (
				47CDA07B2996BCB800367F17 /* RadixSortV1 */,
				47CDA0882996BCC800367F17 /* RadixSortV1Tests */,
				47CDA07A2996BCB800367F17 /* Products */,
			);
			sourceTree = "<group>";
		};
		47CDA07A2996BCB800367F17 /* Products */ = {
			isa = PBXGroup;
			children = (
				47CDA0792996BCB800367F17 /* libRadixSortV1.a */,
				47CDA0872996BCC800367F17 /* RadixSortV1Tests.xctest */,
			);
			name = Products;
			sourceTree = "<group>";
		};
		47CDA07B2996BCB800367F17 /* RadixSortV1 */ = {
			isa = PBXGroup;
			children = (
				47CDA07C2996BCB800367F17 /* RadixSortV1.swift */,
			);
			path = RadixSortV1;
			sourceTree = "<group>";
		};
		47CDA0882996BCC800367F17 /* RadixSortV1Tests */ = {
			isa = PBXGroup;
			children = (
				47CDA0892996BCC800367F17 /* RadixSortV1Tests.swift */,
			);
			path = RadixSortV1Tests;
			sourceTree = "<group>";
		};
/* End PBXGroup section */

/* Begin PBXNativeTarget section */
		47CDA0782996BCB800367F17 /* RadixSortV1 */ = {
			isa = PBXNativeTarget;
			buildConfigurationList = 47CDA0802996BCB800367F17 /* Build configuration list for PBXNativeTarget "RadixSortV1" */;
			buildPhases = (
				47CDA0752996BCB800367F17 /* Sources */,
				47CDA0762996BCB800367F17 /* Frameworks */,
				47CDA0772996BCB800367F17 /* CopyFiles */,
			);
			buildRules = (
			);
			dependencies = (
			);
			name = RadixSortV1;
			productName = RadixSortV1;
			productReference = 47CDA0792996BCB800367F17 /* libRadixSortV1.a */;
			productType = "com.apple.product-type.library.static";
		};
		47CDA0862996BCC800367F17 /* RadixSortV1Tests */ = {
			isa = PBXNativeTarget;
			buildConfigurationList = 47CDA08E2996BCC800367F17 /* Build configuration list for PBXNativeTarget "RadixSortV1Tests" */;
			buildPhases = (
				47CDA0832996BCC800367F17 /* Sources */,
				47CDA0842996BCC800367F17 /* Frameworks */,
				47CDA0852996BCC800367F17 /* Resources */,
			);
			buildRules = (
			);
			dependencies = (
				47CDA08D2996BCC800367F17 /* PBXTargetDependency */,
			);
			name = RadixSortV1Tests;
			productName = RadixSortV1Tests;
			productReference = 47CDA0872996BCC800367F17 /* RadixSortV1Tests.xctest */;
			productType = "com.apple.product-type.bundle.unit-test";
		};
/* End PBXNativeTarget section */

/* Begin PBXProject section */
		47CDA0712996BCB800367F17 /* Project object */ = {
			isa = PBXProject;
			attributes = {
				BuildIndependentTargetsInParallel = 1;
				LastSwiftUpdateCheck = 1420;
				LastUpgradeCheck = 1420;
				TargetAttributes = {
					47CDA0782996BCB800367F17 = {
						CreatedOnToolsVersion = 14.2;
					};
					47CDA0862996BCC800367F17 = {
						CreatedOnToolsVersion = 14.2;
					};
				};
			};
			buildConfigurationList = 47CDA0742996BCB800367F17 /* Build configuration list for PBXProject "RadixSortV1" */;
			compatibilityVersion = "Xcode 14.0";
			developmentRegion = en;
			hasScannedForEncodings = 0;
			knownRegions = (
				en,
				Base,
			);
			mainGroup = 47CDA0702996BCB800367F17;
			productRefGroup = 47CDA07A2996BCB800367F17 /* Products */;
			projectDirPath = "";
			projectRoot = "";
			targets = (
				47CDA0782996BCB800367F17 /* RadixSortV1 */,
				47CDA0862996BCC800367F17 /* RadixSortV1Tests */,
			);
		};
/* End PBXProject section */

/* Begin PBXResourcesBuildPhase section */
		47CDA0852996BCC800367F17 /* Resources */ = {
			isa = PBXResourcesBuildPhase;
			buildActionMask = 2147483647;
			files = (
			);
			runOnlyForDeploymentPostprocessing = 0;
		};
/* End PBXResourcesBuildPhase section */

/* Begin PBXSourcesBuildPhase section */
		47CDA0752996BCB800367F17 /* Sources */ = {
			isa = PBXSourcesBuildPhase;
			buildActionMask = 2147483647;
			files = (
				47CDA07D2996BCB800367F17 /* RadixSortV1.swift in Sources */,
			);
			runOnlyForDeploymentPostprocessing = 0;
		};
		47CDA0832996BCC800367F17 /* Sources */ = {
			isa = PBXSourcesBuildPhase;
			buildActionMask = 2147483647;
			files = (
				47CDA08A2996BCC800367F17 /* RadixSortV1Tests.swift in Sources */,
			);
			runOnlyForDeploymentPostprocessing = 0;
		};
/* End PBXSourcesBuildPhase section */

/* Begin PBXTargetDependency section */
		47CDA08D2996BCC800367F17 /* PBXTargetDependency */ = {
			isa = PBXTargetDependency;
			target = 47CDA0782996BCB800367F17 /* RadixSortV1 */;
			targetProxy = 47CDA08C2996BCC800367F17 /* PBXContainerItemProxy */;
		};
/* End PBXTargetDependency section */

/* Begin XCBuildConfiguration section */
		47CDA07E2996BCB800367F17 /* Debug */ = {
			isa = XCBuildConfiguration;
			buildSettings = {
				ALWAYS_SEARCH_USER_PATHS = NO;
				CLANG_ANALYZER_NONNULL = YES;
				CLANG_ANALYZER_NUMBER_OBJECT_CONVERSION = YES_AGGRESSIVE;
				CLANG_CXX_LANGUAGE_STANDARD = "gnu++20";
				CLANG_ENABLE_MODULES = YES;
				CLANG_ENABLE_OBJC_ARC = YES;
				CLANG_ENABLE_OBJC_WEAK = YES;
				CLANG_WARN_BLOCK_CAPTURE_AUTORELEASING = YES;
				CLANG_WARN_BOOL_CONVERSION = YES;
				CLANG_WARN_COMMA = YES;
				CLANG_WARN_CONSTANT_CONVERSION = YES;
				CLANG_WARN_DEPRECATED_OBJC_IMPLEMENTATIONS = YES;
				CLANG_WARN_DIRECT_OBJC_ISA_USAGE = YES_ERROR;
				CLANG_WARN_DOCUMENTATION_COMMENTS = YES;
				CLANG_WARN_EMPTY_BODY = YES;
				CLANG_WARN_ENUM_CONVERSION = YES;
				CLANG_WARN_INFINITE_RECURSION = YES;
				CLANG_WARN_INT_CONVERSION = YES;
				CLANG_WARN_NON_LITERAL_NULL_CONVERSION = YES;
				CLANG_WARN_OBJC_IMPLICIT_RETAIN_SELF = YES;
				CLANG_WARN_OBJC_LITERAL_CONVERSION = YES;
				CLANG_WARN_OBJC_ROOT_CLASS = YES_ERROR;
				CLANG_WARN_QUOTED_INCLUDE_IN_FRAMEWORK_HEADER = YES;
				CLANG_WARN_RANGE_LOOP_ANALYSIS = YES;
				CLANG_WARN_STRICT_PROTOTYPES = YES;
				CLANG_WARN_SUSPICIOUS_MOVE = YES;
				CLANG_WARN_UNGUARDED_AVAILABILITY = YES_AGGRESSIVE;
				CLANG_WARN_UNREACHABLE_CODE = YES;
				CLANG_WARN__DUPLICATE_METHOD_MATCH = YES;
				COPY_PHASE_STRIP = NO;
				DEBUG_INFORMATION_FORMAT = dwarf;
				ENABLE_STRICT_OBJC_MSGSEND = YES;
				ENABLE_TESTABILITY = YES;
				GCC_C_LANGUAGE_STANDARD = gnu11;
				GCC_DYNAMIC_NO_PIC = NO;
				GCC_NO_COMMON_BLOCKS = YES;
				GCC_OPTIMIZATION_LEVEL = 0;
				GCC_PREPROCESSOR_DEFINITIONS = (
					"DEBUG=1",
					"$(inherited)",
				);
				GCC_WARN_64_TO_32_BIT_CONVERSION = YES;
				GCC_WARN_ABOUT_RETURN_TYPE = YES_ERROR;
				GCC_WARN_UNDECLARED_SELECTOR = YES;
				GCC_WARN_UNINITIALIZED_AUTOS = YES_AGGRESSIVE;
				GCC_WARN_UNUSED_FUNCTION = YES;
				GCC_WARN_UNUSED_VARIABLE = YES;
				IPHONEOS_DEPLOYMENT_TARGET = 16.2;
				MTL_ENABLE_DEBUG_INFO = INCLUDE_SOURCE;
				MTL_FAST_MATH = YES;
				ONLY_ACTIVE_ARCH = YES;
				SDKROOT = iphoneos;
				SWIFT_ACTIVE_COMPILATION_CONDITIONS = DEBUG;
				SWIFT_OPTIMIZATION_LEVEL = "-Onone";
			};
			name = Debug;
		};
		47CDA07F2996BCB800367F17 /* Release */ = {
			isa = XCBuildConfiguration;
			buildSettings = {
				ALWAYS_SEARCH_USER_PATHS = NO;
				CLANG_ANALYZER_NONNULL = YES;
				CLANG_ANALYZER_NUMBER_OBJECT_CONVERSION = YES_AGGRESSIVE;
				CLANG_CXX_LANGUAGE_STANDARD = "gnu++20";
				CLANG_ENABLE_MODULES = YES;
				CLANG_ENABLE_OBJC_ARC = YES;
				CLANG_ENABLE_OBJC_WEAK = YES;
				CLANG_WARN_BLOCK_CAPTURE_AUTORELEASING = YES;
				CLANG_WARN_BOOL_CONVERSION = YES;
				CLANG_WARN_COMMA = YES;
				CLANG_WARN_CONSTANT_CONVERSION = YES;
				CLANG_WARN_DEPRECATED_OBJC_IMPLEMENTATIONS = YES;
				CLANG_WARN_DIRECT_OBJC_ISA_USAGE = YES_ERROR;
				CLANG_WARN_DOCUMENTATION_COMMENTS = YES;
				CLANG_WARN_EMPTY_BODY = YES;
				CLANG_WARN_ENUM_CONVERSION = YES;
				CLANG_WARN_INFINITE_RECURSION = YES;
				CLANG_WARN_INT_CONVERSION = YES;
				CLANG_WARN_NON_LITERAL_NULL_CONVERSION = YES;
				CLANG_WARN_OBJC_IMPLICIT_RETAIN_SELF = YES;
				CLANG_WARN_OBJC_LITERAL_CONVERSION = YES;
				CLANG_WARN_OBJC_ROOT_CLASS = YES_ERROR;
				CLANG_WARN_QUOTED_INCLUDE_IN_FRAMEWORK_HEADER = YES;
				CLANG_WARN_RANGE_LOOP_ANALYSIS = YES;
				CLANG_WARN_STRICT_PROTOTYPES = YES;
				CLANG_WARN_SUSPICIOUS_MOVE = YES;
				CLANG_WARN_UNGUARDED_AVAILABILITY = YES_AGGRESSIVE;
				CLANG_WARN_UNREACHABLE_CODE = YES;
				CLANG_WARN__DUPLICATE_METHOD_MATCH = YES;
				COPY_PHASE_STRIP = NO;
				DEBUG_INFORMATION_FORMAT = "dwarf-with-dsym";
				ENABLE_NS_ASSERTIONS = NO;
				ENABLE_STRICT_OBJC_MSGSEND = YES;
				GCC_C_LANGUAGE_STANDARD = gnu11;
				GCC_NO_COMMON_BLOCKS = YES;
				GCC_WARN_64_TO_32_BIT_CONVERSION = YES;
				GCC_WARN_ABOUT_RETURN_TYPE = YES_ERROR;
				GCC_WARN_UNDECLARED_SELECTOR = YES;
				GCC_WARN_UNINITIALIZED_AUTOS = YES_AGGRESSIVE;
				GCC_WARN_UNUSED_FUNCTION = YES;
				GCC_WARN_UNUSED_VARIABLE = YES;
				IPHONEOS_DEPLOYMENT_TARGET = 16.2;
				MTL_ENABLE_DEBUG_INFO = NO;
				MTL_FAST_MATH = YES;
				SDKROOT = iphoneos;
				SWIFT_COMPILATION_MODE = wholemodule;
				SWIFT_OPTIMIZATION_LEVEL = "-O";
				VALIDATE_PRODUCT = YES;
			};
			name = Release;
		};
		47CDA0812996BCB800367F17 /* Debug */ = {
			isa = XCBuildConfiguration;
			buildSettings = {
				CODE_SIGN_STYLE = Automatic;
				DEVELOPMENT_TEAM = 63HZLY9JEQ;
				OTHER_LDFLAGS = "-ObjC";
				PRODUCT_NAME = "$(TARGET_NAME)";
				SKIP_INSTALL = YES;
				SWIFT_VERSION = 5.0;
				TARGETED_DEVICE_FAMILY = "1,2";
			};
			name = Debug;
		};
		47CDA0822996BCB800367F17 /* Release */ = {
			isa = XCBuildConfiguration;
			buildSettings = {
				CODE_SIGN_STYLE = Automatic;
				DEVELOPMENT_TEAM = 63HZLY9JEQ;
				OTHER_LDFLAGS = "-ObjC";
				PRODUCT_NAME = "$(TARGET_NAME)";
				SKIP_INSTALL = YES;
				SWIFT_VERSION = 5.0;
				TARGETED_DEVICE_FAMILY = "1,2";
			};
			name = Release;
		};
		47CDA08F2996BCC800367F17 /* Debug */ = {
			isa = XCBuildConfiguration;
			buildSettings = {
				CODE_SIGN_STYLE = Automatic;
				CURRENT_PROJECT_VERSION = 1;
				DEVELOPMENT_TEAM = 63HZLY9JEQ;
				GENERATE_INFOPLIST_FILE = YES;
				MARKETING_VERSION = 1.0;
				PRODUCT_BUNDLE_IDENTIFIER = com.beerbarrelpokerstudios.RadixSortV1Tests;
				PRODUCT_NAME = "$(TARGET_NAME)";
				SWIFT_EMIT_LOC_STRINGS = NO;
				SWIFT_VERSION = 5.0;
				TARGETED_DEVICE_FAMILY = "1,2";
			};
			name = Debug;
		};
		47CDA0902996BCC800367F17 /* Release */ = {
			isa = XCBuildConfiguration;
			buildSettings = {
				CODE_SIGN_STYLE = Automatic;
				CURRENT_PROJECT_VERSION = 1;
				DEVELOPMENT_TEAM = 63HZLY9JEQ;
				GENERATE_INFOPLIST_FILE = YES;
				MARKETING_VERSION = 1.0;
				PRODUCT_BUNDLE_IDENTIFIER = com.beerbarrelpokerstudios.RadixSortV1Tests;
				PRODUCT_NAME = "$(TARGET_NAME)";
				SWIFT_EMIT_LOC_STRINGS = NO;
				SWIFT_VERSION = 5.0;
				TARGETED_DEVICE_FAMILY = "1,2";
			};
			name = Release;
		};
/* End XCBuildConfiguration section */

/* Begin XCConfigurationList section */
		47CDA0742996BCB800367F17 /* Build configuration list for PBXProject "RadixSortV1" */ = {
			isa = XCConfigurationList;
			buildConfigurations = (
				47CDA07E2996BCB800367F17 /* Debug */,
				47CDA07F2996BCB800367F17 /* Release */,
			);
			defaultConfigurationIsVisible = 0;
			defaultConfigurationName = Release;
		};
		47CDA0802996BCB800367F17 /* Build configuration list for PBXNativeTarget "RadixSortV1" */ = {
			isa = XCConfigurationList;
			buildConfigurations = (
				47CDA0812996BCB800367F17 /* Debug */,
				47CDA0822996BCB800367F17 /* Release */,
			);
			defaultConfigurationIsVisible = 0;
			defaultConfigurationName = Release;
		};
		47CDA08E2996BCC800367F17 /* Build configuration list for PBXNativeTarget "RadixSortV1Tests" */ = {
			isa = XCConfigurationList;
			buildConfigurations = (
				47CDA08F2996BCC800367F17 /* Debug */,
				47CDA0902996BCC800367F17 /* Release */,
			);
			defaultConfigurationIsVisible = 0;
			defaultConfigurationName = Release;
		};
/* End XCConfigurationList section */
	};
	rootObject = 47CDA0712996BCB800367F17 /* Project object */;
}
