// !$*UTF8*$!
{
	archiveVersion = 1;
	classes = {
	};
	objectVersion = 56;
	objects = {

/* Begin PBXBuildFile section */
		47E7CD9B2998087A00389C6F /* ReviewAllSortsV8.swift in Sources */ = {isa = PBXBuildFile; fileRef = 47E7CD9A2998087A00389C6F /* ReviewAllSortsV8.swift */; };
		47E7CDA82998088F00389C6F /* ReviewAllSortsV8Tests.swift in Sources */ = {isa = PBXBuildFile; fileRef = 47E7CDA72998088F00389C6F /* ReviewAllSortsV8Tests.swift */; };
		47E7CDA92998088F00389C6F /* libReviewAllSortsV8.a in Frameworks */ = {isa = PBXBuildFile; fileRef = 47E7CD972998087A00389C6F /* libReviewAllSortsV8.a */; };
/* End PBXBuildFile section */

/* Begin PBXContainerItemProxy section */
		47E7CDAA2998088F00389C6F /* PBXContainerItemProxy */ = {
			isa = PBXContainerItemProxy;
			containerPortal = 47E7CD8F2998087A00389C6F /* Project object */;
			proxyType = 1;
			remoteGlobalIDString = 47E7CD962998087A00389C6F;
			remoteInfo = ReviewAllSortsV8;
		};
/* End PBXContainerItemProxy section */

/* Begin PBXCopyFilesBuildPhase section */
		47E7CD952998087A00389C6F /* CopyFiles */ = {
			isa = PBXCopyFilesBuildPhase;
			buildActionMask = 2147483647;
			dstPath = "include/$(PRODUCT_NAME)";
			dstSubfolderSpec = 16;
			files = (
			);
			runOnlyForDeploymentPostprocessing = 0;
		};
/* End PBXCopyFilesBuildPhase section */

/* Begin PBXFileReference section */
		47E7CD972998087A00389C6F /* libReviewAllSortsV8.a */ = {isa = PBXFileReference; explicitFileType = archive.ar; includeInIndex = 0; path = libReviewAllSortsV8.a; sourceTree = BUILT_PRODUCTS_DIR; };
		47E7CD9A2998087A00389C6F /* ReviewAllSortsV8.swift */ = {isa = PBXFileReference; lastKnownFileType = sourcecode.swift; path = ReviewAllSortsV8.swift; sourceTree = "<group>"; };
		47E7CDA52998088F00389C6F /* ReviewAllSortsV8Tests.xctest */ = {isa = PBXFileReference; explicitFileType = wrapper.cfbundle; includeInIndex = 0; path = ReviewAllSortsV8Tests.xctest; sourceTree = BUILT_PRODUCTS_DIR; };
		47E7CDA72998088F00389C6F /* ReviewAllSortsV8Tests.swift */ = {isa = PBXFileReference; lastKnownFileType = sourcecode.swift; path = ReviewAllSortsV8Tests.swift; sourceTree = "<group>"; };
/* End PBXFileReference section */

/* Begin PBXFrameworksBuildPhase section */
		47E7CD942998087A00389C6F /* Frameworks */ = {
			isa = PBXFrameworksBuildPhase;
			buildActionMask = 2147483647;
			files = (
			);
			runOnlyForDeploymentPostprocessing = 0;
		};
		47E7CDA22998088F00389C6F /* Frameworks */ = {
			isa = PBXFrameworksBuildPhase;
			buildActionMask = 2147483647;
			files = (
				47E7CDA92998088F00389C6F /* libReviewAllSortsV8.a in Frameworks */,
			);
			runOnlyForDeploymentPostprocessing = 0;
		};
/* End PBXFrameworksBuildPhase section */

/* Begin PBXGroup section */
		47E7CD8E2998087A00389C6F = {
			isa = PBXGroup;
			children = (
				47E7CD992998087A00389C6F /* ReviewAllSortsV8 */,
				47E7CDA62998088F00389C6F /* ReviewAllSortsV8Tests */,
				47E7CD982998087A00389C6F /* Products */,
			);
			sourceTree = "<group>";
		};
		47E7CD982998087A00389C6F /* Products */ = {
			isa = PBXGroup;
			children = (
				47E7CD972998087A00389C6F /* libReviewAllSortsV8.a */,
				47E7CDA52998088F00389C6F /* ReviewAllSortsV8Tests.xctest */,
			);
			name = Products;
			sourceTree = "<group>";
		};
		47E7CD992998087A00389C6F /* ReviewAllSortsV8 */ = {
			isa = PBXGroup;
			children = (
				47E7CD9A2998087A00389C6F /* ReviewAllSortsV8.swift */,
			);
			path = ReviewAllSortsV8;
			sourceTree = "<group>";
		};
		47E7CDA62998088F00389C6F /* ReviewAllSortsV8Tests */ = {
			isa = PBXGroup;
			children = (
				47E7CDA72998088F00389C6F /* ReviewAllSortsV8Tests.swift */,
			);
			path = ReviewAllSortsV8Tests;
			sourceTree = "<group>";
		};
/* End PBXGroup section */

/* Begin PBXNativeTarget section */
		47E7CD962998087A00389C6F /* ReviewAllSortsV8 */ = {
			isa = PBXNativeTarget;
			buildConfigurationList = 47E7CD9E2998087A00389C6F /* Build configuration list for PBXNativeTarget "ReviewAllSortsV8" */;
			buildPhases = (
				47E7CD932998087A00389C6F /* Sources */,
				47E7CD942998087A00389C6F /* Frameworks */,
				47E7CD952998087A00389C6F /* CopyFiles */,
			);
			buildRules = (
			);
			dependencies = (
			);
			name = ReviewAllSortsV8;
			productName = ReviewAllSortsV8;
			productReference = 47E7CD972998087A00389C6F /* libReviewAllSortsV8.a */;
			productType = "com.apple.product-type.library.static";
		};
		47E7CDA42998088F00389C6F /* ReviewAllSortsV8Tests */ = {
			isa = PBXNativeTarget;
			buildConfigurationList = 47E7CDAC2998088F00389C6F /* Build configuration list for PBXNativeTarget "ReviewAllSortsV8Tests" */;
			buildPhases = (
				47E7CDA12998088F00389C6F /* Sources */,
				47E7CDA22998088F00389C6F /* Frameworks */,
				47E7CDA32998088F00389C6F /* Resources */,
			);
			buildRules = (
			);
			dependencies = (
				47E7CDAB2998088F00389C6F /* PBXTargetDependency */,
			);
			name = ReviewAllSortsV8Tests;
			productName = ReviewAllSortsV8Tests;
			productReference = 47E7CDA52998088F00389C6F /* ReviewAllSortsV8Tests.xctest */;
			productType = "com.apple.product-type.bundle.unit-test";
		};
/* End PBXNativeTarget section */

/* Begin PBXProject section */
		47E7CD8F2998087A00389C6F /* Project object */ = {
			isa = PBXProject;
			attributes = {
				BuildIndependentTargetsInParallel = 1;
				LastSwiftUpdateCheck = 1420;
				LastUpgradeCheck = 1420;
				TargetAttributes = {
					47E7CD962998087A00389C6F = {
						CreatedOnToolsVersion = 14.2;
					};
					47E7CDA42998088F00389C6F = {
						CreatedOnToolsVersion = 14.2;
					};
				};
			};
			buildConfigurationList = 47E7CD922998087A00389C6F /* Build configuration list for PBXProject "ReviewAllSortsV8" */;
			compatibilityVersion = "Xcode 14.0";
			developmentRegion = en;
			hasScannedForEncodings = 0;
			knownRegions = (
				en,
				Base,
			);
			mainGroup = 47E7CD8E2998087A00389C6F;
			productRefGroup = 47E7CD982998087A00389C6F /* Products */;
			projectDirPath = "";
			projectRoot = "";
			targets = (
				47E7CD962998087A00389C6F /* ReviewAllSortsV8 */,
				47E7CDA42998088F00389C6F /* ReviewAllSortsV8Tests */,
			);
		};
/* End PBXProject section */

/* Begin PBXResourcesBuildPhase section */
		47E7CDA32998088F00389C6F /* Resources */ = {
			isa = PBXResourcesBuildPhase;
			buildActionMask = 2147483647;
			files = (
			);
			runOnlyForDeploymentPostprocessing = 0;
		};
/* End PBXResourcesBuildPhase section */

/* Begin PBXSourcesBuildPhase section */
		47E7CD932998087A00389C6F /* Sources */ = {
			isa = PBXSourcesBuildPhase;
			buildActionMask = 2147483647;
			files = (
				47E7CD9B2998087A00389C6F /* ReviewAllSortsV8.swift in Sources */,
			);
			runOnlyForDeploymentPostprocessing = 0;
		};
		47E7CDA12998088F00389C6F /* Sources */ = {
			isa = PBXSourcesBuildPhase;
			buildActionMask = 2147483647;
			files = (
				47E7CDA82998088F00389C6F /* ReviewAllSortsV8Tests.swift in Sources */,
			);
			runOnlyForDeploymentPostprocessing = 0;
		};
/* End PBXSourcesBuildPhase section */

/* Begin PBXTargetDependency section */
		47E7CDAB2998088F00389C6F /* PBXTargetDependency */ = {
			isa = PBXTargetDependency;
			target = 47E7CD962998087A00389C6F /* ReviewAllSortsV8 */;
			targetProxy = 47E7CDAA2998088F00389C6F /* PBXContainerItemProxy */;
		};
/* End PBXTargetDependency section */

/* Begin XCBuildConfiguration section */
		47E7CD9C2998087A00389C6F /* Debug */ = {
			isa = XCBuildConfiguration;
			buildSettings = {
				ALWAYS_SEARCH_USER_PATHS = NO;
				CLANG_ANALYZER_NONNULL = YES;
				CLANG_ANALYZER_NUMBER_OBJECT_CONVERSION = YES_AGGRESSIVE;
				CLANG_CXX_LANGUAGE_STANDARD = "gnu++20";
				CLANG_ENABLE_MODULES = YES;
				CLANG_ENABLE_OBJC_ARC = YES;
				CLANG_ENABLE_OBJC_WEAK = YES;
				CLANG_WARN_BLOCK_CAPTURE_AUTORELEASING = YES;
				CLANG_WARN_BOOL_CONVERSION = YES;
				CLANG_WARN_COMMA = YES;
				CLANG_WARN_CONSTANT_CONVERSION = YES;
				CLANG_WARN_DEPRECATED_OBJC_IMPLEMENTATIONS = YES;
				CLANG_WARN_DIRECT_OBJC_ISA_USAGE = YES_ERROR;
				CLANG_WARN_DOCUMENTATION_COMMENTS = YES;
				CLANG_WARN_EMPTY_BODY = YES;
				CLANG_WARN_ENUM_CONVERSION = YES;
				CLANG_WARN_INFINITE_RECURSION = YES;
				CLANG_WARN_INT_CONVERSION = YES;
				CLANG_WARN_NON_LITERAL_NULL_CONVERSION = YES;
				CLANG_WARN_OBJC_IMPLICIT_RETAIN_SELF = YES;
				CLANG_WARN_OBJC_LITERAL_CONVERSION = YES;
				CLANG_WARN_OBJC_ROOT_CLASS = YES_ERROR;
				CLANG_WARN_QUOTED_INCLUDE_IN_FRAMEWORK_HEADER = YES;
				CLANG_WARN_RANGE_LOOP_ANALYSIS = YES;
				CLANG_WARN_STRICT_PROTOTYPES = YES;
				CLANG_WARN_SUSPICIOUS_MOVE = YES;
				CLANG_WARN_UNGUARDED_AVAILABILITY = YES_AGGRESSIVE;
				CLANG_WARN_UNREACHABLE_CODE = YES;
				CLANG_WARN__DUPLICATE_METHOD_MATCH = YES;
				COPY_PHASE_STRIP = NO;
				DEBUG_INFORMATION_FORMAT = dwarf;
				ENABLE_STRICT_OBJC_MSGSEND = YES;
				ENABLE_TESTABILITY = YES;
				GCC_C_LANGUAGE_STANDARD = gnu11;
				GCC_DYNAMIC_NO_PIC = NO;
				GCC_NO_COMMON_BLOCKS = YES;
				GCC_OPTIMIZATION_LEVEL = 0;
				GCC_PREPROCESSOR_DEFINITIONS = (
					"DEBUG=1",
					"$(inherited)",
				);
				GCC_WARN_64_TO_32_BIT_CONVERSION = YES;
				GCC_WARN_ABOUT_RETURN_TYPE = YES_ERROR;
				GCC_WARN_UNDECLARED_SELECTOR = YES;
				GCC_WARN_UNINITIALIZED_AUTOS = YES_AGGRESSIVE;
				GCC_WARN_UNUSED_FUNCTION = YES;
				GCC_WARN_UNUSED_VARIABLE = YES;
				IPHONEOS_DEPLOYMENT_TARGET = 16.2;
				MTL_ENABLE_DEBUG_INFO = INCLUDE_SOURCE;
				MTL_FAST_MATH = YES;
				ONLY_ACTIVE_ARCH = YES;
				SDKROOT = iphoneos;
				SWIFT_ACTIVE_COMPILATION_CONDITIONS = DEBUG;
				SWIFT_OPTIMIZATION_LEVEL = "-Onone";
			};
			name = Debug;
		};
		47E7CD9D2998087A00389C6F /* Release */ = {
			isa = XCBuildConfiguration;
			buildSettings = {
				ALWAYS_SEARCH_USER_PATHS = NO;
				CLANG_ANALYZER_NONNULL = YES;
				CLANG_ANALYZER_NUMBER_OBJECT_CONVERSION = YES_AGGRESSIVE;
				CLANG_CXX_LANGUAGE_STANDARD = "gnu++20";
				CLANG_ENABLE_MODULES = YES;
				CLANG_ENABLE_OBJC_ARC = YES;
				CLANG_ENABLE_OBJC_WEAK = YES;
				CLANG_WARN_BLOCK_CAPTURE_AUTORELEASING = YES;
				CLANG_WARN_BOOL_CONVERSION = YES;
				CLANG_WARN_COMMA = YES;
				CLANG_WARN_CONSTANT_CONVERSION = YES;
				CLANG_WARN_DEPRECATED_OBJC_IMPLEMENTATIONS = YES;
				CLANG_WARN_DIRECT_OBJC_ISA_USAGE = YES_ERROR;
				CLANG_WARN_DOCUMENTATION_COMMENTS = YES;
				CLANG_WARN_EMPTY_BODY = YES;
				CLANG_WARN_ENUM_CONVERSION = YES;
				CLANG_WARN_INFINITE_RECURSION = YES;
				CLANG_WARN_INT_CONVERSION = YES;
				CLANG_WARN_NON_LITERAL_NULL_CONVERSION = YES;
				CLANG_WARN_OBJC_IMPLICIT_RETAIN_SELF = YES;
				CLANG_WARN_OBJC_LITERAL_CONVERSION = YES;
				CLANG_WARN_OBJC_ROOT_CLASS = YES_ERROR;
				CLANG_WARN_QUOTED_INCLUDE_IN_FRAMEWORK_HEADER = YES;
				CLANG_WARN_RANGE_LOOP_ANALYSIS = YES;
				CLANG_WARN_STRICT_PROTOTYPES = YES;
				CLANG_WARN_SUSPICIOUS_MOVE = YES;
				CLANG_WARN_UNGUARDED_AVAILABILITY = YES_AGGRESSIVE;
				CLANG_WARN_UNREACHABLE_CODE = YES;
				CLANG_WARN__DUPLICATE_METHOD_MATCH = YES;
				COPY_PHASE_STRIP = NO;
				DEBUG_INFORMATION_FORMAT = "dwarf-with-dsym";
				ENABLE_NS_ASSERTIONS = NO;
				ENABLE_STRICT_OBJC_MSGSEND = YES;
				GCC_C_LANGUAGE_STANDARD = gnu11;
				GCC_NO_COMMON_BLOCKS = YES;
				GCC_WARN_64_TO_32_BIT_CONVERSION = YES;
				GCC_WARN_ABOUT_RETURN_TYPE = YES_ERROR;
				GCC_WARN_UNDECLARED_SELECTOR = YES;
				GCC_WARN_UNINITIALIZED_AUTOS = YES_AGGRESSIVE;
				GCC_WARN_UNUSED_FUNCTION = YES;
				GCC_WARN_UNUSED_VARIABLE = YES;
				IPHONEOS_DEPLOYMENT_TARGET = 16.2;
				MTL_ENABLE_DEBUG_INFO = NO;
				MTL_FAST_MATH = YES;
				SDKROOT = iphoneos;
				SWIFT_COMPILATION_MODE = wholemodule;
				SWIFT_OPTIMIZATION_LEVEL = "-O";
				VALIDATE_PRODUCT = YES;
			};
			name = Release;
		};
		47E7CD9F2998087A00389C6F /* Debug */ = {
			isa = XCBuildConfiguration;
			buildSettings = {
				CODE_SIGN_STYLE = Automatic;
				DEVELOPMENT_TEAM = 63HZLY9JEQ;
				OTHER_LDFLAGS = "-ObjC";
				PRODUCT_NAME = "$(TARGET_NAME)";
				SKIP_INSTALL = YES;
				SWIFT_VERSION = 5.0;
				TARGETED_DEVICE_FAMILY = "1,2";
			};
			name = Debug;
		};
		47E7CDA02998087A00389C6F /* Release */ = {
			isa = XCBuildConfiguration;
			buildSettings = {
				CODE_SIGN_STYLE = Automatic;
				DEVELOPMENT_TEAM = 63HZLY9JEQ;
				OTHER_LDFLAGS = "-ObjC";
				PRODUCT_NAME = "$(TARGET_NAME)";
				SKIP_INSTALL = YES;
				SWIFT_VERSION = 5.0;
				TARGETED_DEVICE_FAMILY = "1,2";
			};
			name = Release;
		};
		47E7CDAD2998088F00389C6F /* Debug */ = {
			isa = XCBuildConfiguration;
			buildSettings = {
				CODE_SIGN_STYLE = Automatic;
				CURRENT_PROJECT_VERSION = 1;
				DEVELOPMENT_TEAM = 63HZLY9JEQ;
				GENERATE_INFOPLIST_FILE = YES;
				INFOPLIST_FILE = ReviewAllSortsV8Tests/Info.plist;
				MARKETING_VERSION = 1.0;
				PRODUCT_BUNDLE_IDENTIFIER = com.beerbarrelpokerstudios.ReviewAllSortsV8Tests;
				PRODUCT_NAME = "$(TARGET_NAME)";
				SWIFT_EMIT_LOC_STRINGS = NO;
				SWIFT_VERSION = 5.0;
				TARGETED_DEVICE_FAMILY = "1,2";
			};
			name = Debug;
		};
		47E7CDAE2998088F00389C6F /* Release */ = {
			isa = XCBuildConfiguration;
			buildSettings = {
				CODE_SIGN_STYLE = Automatic;
				CURRENT_PROJECT_VERSION = 1;
				DEVELOPMENT_TEAM = 63HZLY9JEQ;
				GENERATE_INFOPLIST_FILE = YES;
				INFOPLIST_FILE = ReviewAllSortsV8Tests/Info.plist;
				MARKETING_VERSION = 1.0;
				PRODUCT_BUNDLE_IDENTIFIER = com.beerbarrelpokerstudios.ReviewAllSortsV8Tests;
				PRODUCT_NAME = "$(TARGET_NAME)";
				SWIFT_EMIT_LOC_STRINGS = NO;
				SWIFT_VERSION = 5.0;
				TARGETED_DEVICE_FAMILY = "1,2";
			};
			name = Release;
		};
/* End XCBuildConfiguration section */

/* Begin XCConfigurationList section */
		47E7CD922998087A00389C6F /* Build configuration list for PBXProject "ReviewAllSortsV8" */ = {
			isa = XCConfigurationList;
			buildConfigurations = (
				47E7CD9C2998087A00389C6F /* Debug */,
				47E7CD9D2998087A00389C6F /* Release */,
			);
			defaultConfigurationIsVisible = 0;
			defaultConfigurationName = Release;
		};
		47E7CD9E2998087A00389C6F /* Build configuration list for PBXNativeTarget "ReviewAllSortsV8" */ = {
			isa = XCConfigurationList;
			buildConfigurations = (
				47E7CD9F2998087A00389C6F /* Debug */,
				47E7CDA02998087A00389C6F /* Release */,
			);
			defaultConfigurationIsVisible = 0;
			defaultConfigurationName = Release;
		};
		47E7CDAC2998088F00389C6F /* Build configuration list for PBXNativeTarget "ReviewAllSortsV8Tests" */ = {
			isa = XCConfigurationList;
			buildConfigurations = (
				47E7CDAD2998088F00389C6F /* Debug */,
				47E7CDAE2998088F00389C6F /* Release */,
			);
			defaultConfigurationIsVisible = 0;
			defaultConfigurationName = Release;
		};
/* End XCConfigurationList section */
	};
	rootObject = 47E7CD8F2998087A00389C6F /* Project object */;
}
