// !$*UTF8*$!
{
	archiveVersion = 1;
	classes = {
	};
	objectVersion = 56;
	objects = {

/* Begin PBXBuildFile section */
		472135CC299065C1006524D2 /* MergeSortV3.swift in Sources */ = {isa = PBXBuildFile; fileRef = 472135CB299065C1006524D2 /* MergeSortV3.swift */; };
		472135D9299065ED006524D2 /* MergeSortV3Tests.swift in Sources */ = {isa = PBXBuildFile; fileRef = 472135D8299065ED006524D2 /* MergeSortV3Tests.swift */; };
		472135DA299065ED006524D2 /* libMergeSortV3.a in Frameworks */ = {isa = PBXBuildFile; fileRef = 472135C8299065C1006524D2 /* libMergeSortV3.a */; };
/* End PBXBuildFile section */

/* Begin PBXContainerItemProxy section */
		472135DB299065ED006524D2 /* PBXContainerItemProxy */ = {
			isa = PBXContainerItemProxy;
			containerPortal = 472135C0299065C1006524D2 /* Project object */;
			proxyType = 1;
			remoteGlobalIDString = 472135C7299065C1006524D2;
			remoteInfo = MergeSortV3;
		};
/* End PBXContainerItemProxy section */

/* Begin PBXCopyFilesBuildPhase section */
		472135C6299065C1006524D2 /* CopyFiles */ = {
			isa = PBXCopyFilesBuildPhase;
			buildActionMask = 2147483647;
			dstPath = "include/$(PRODUCT_NAME)";
			dstSubfolderSpec = 16;
			files = (
			);
			runOnlyForDeploymentPostprocessing = 0;
		};
/* End PBXCopyFilesBuildPhase section */

/* Begin PBXFileReference section */
		472135C8299065C1006524D2 /* libMergeSortV3.a */ = {isa = PBXFileReference; explicitFileType = archive.ar; includeInIndex = 0; path = libMergeSortV3.a; sourceTree = BUILT_PRODUCTS_DIR; };
		472135CB299065C1006524D2 /* MergeSortV3.swift */ = {isa = PBXFileReference; lastKnownFileType = sourcecode.swift; path = MergeSortV3.swift; sourceTree = "<group>"; };
		472135D6299065ED006524D2 /* MergeSortV3Tests.xctest */ = {isa = PBXFileReference; explicitFileType = wrapper.cfbundle; includeInIndex = 0; path = MergeSortV3Tests.xctest; sourceTree = BUILT_PRODUCTS_DIR; };
		472135D8299065ED006524D2 /* MergeSortV3Tests.swift */ = {isa = PBXFileReference; lastKnownFileType = sourcecode.swift; path = MergeSortV3Tests.swift; sourceTree = "<group>"; };
/* End PBXFileReference section */

/* Begin PBXFrameworksBuildPhase section */
		472135C5299065C1006524D2 /* Frameworks */ = {
			isa = PBXFrameworksBuildPhase;
			buildActionMask = 2147483647;
			files = (
			);
			runOnlyForDeploymentPostprocessing = 0;
		};
		472135D3299065ED006524D2 /* Frameworks */ = {
			isa = PBXFrameworksBuildPhase;
			buildActionMask = 2147483647;
			files = (
				472135DA299065ED006524D2 /* libMergeSortV3.a in Frameworks */,
			);
			runOnlyForDeploymentPostprocessing = 0;
		};
/* End PBXFrameworksBuildPhase section */

/* Begin PBXGroup section */
		472135BF299065C1006524D2 = {
			isa = PBXGroup;
			children = (
				472135CA299065C1006524D2 /* MergeSortV3 */,
				472135D7299065ED006524D2 /* MergeSortV3Tests */,
				472135C9299065C1006524D2 /* Products */,
			);
			sourceTree = "<group>";
		};
		472135C9299065C1006524D2 /* Products */ = {
			isa = PBXGroup;
			children = (
				472135C8299065C1006524D2 /* libMergeSortV3.a */,
				472135D6299065ED006524D2 /* MergeSortV3Tests.xctest */,
			);
			name = Products;
			sourceTree = "<group>";
		};
		472135CA299065C1006524D2 /* MergeSortV3 */ = {
			isa = PBXGroup;
			children = (
				472135CB299065C1006524D2 /* MergeSortV3.swift */,
			);
			path = MergeSortV3;
			sourceTree = "<group>";
		};
		472135D7299065ED006524D2 /* MergeSortV3Tests */ = {
			isa = PBXGroup;
			children = (
				472135D8299065ED006524D2 /* MergeSortV3Tests.swift */,
			);
			path = MergeSortV3Tests;
			sourceTree = "<group>";
		};
/* End PBXGroup section */

/* Begin PBXNativeTarget section */
		472135C7299065C1006524D2 /* MergeSortV3 */ = {
			isa = PBXNativeTarget;
			buildConfigurationList = 472135CF299065C1006524D2 /* Build configuration list for PBXNativeTarget "MergeSortV3" */;
			buildPhases = (
				472135C4299065C1006524D2 /* Sources */,
				472135C5299065C1006524D2 /* Frameworks */,
				472135C6299065C1006524D2 /* CopyFiles */,
			);
			buildRules = (
			);
			dependencies = (
			);
			name = MergeSortV3;
			productName = MergeSortV3;
			productReference = 472135C8299065C1006524D2 /* libMergeSortV3.a */;
			productType = "com.apple.product-type.library.static";
		};
		472135D5299065ED006524D2 /* MergeSortV3Tests */ = {
			isa = PBXNativeTarget;
			buildConfigurationList = 472135DD299065ED006524D2 /* Build configuration list for PBXNativeTarget "MergeSortV3Tests" */;
			buildPhases = (
				472135D2299065ED006524D2 /* Sources */,
				472135D3299065ED006524D2 /* Frameworks */,
				472135D4299065ED006524D2 /* Resources */,
			);
			buildRules = (
			);
			dependencies = (
				472135DC299065ED006524D2 /* PBXTargetDependency */,
			);
			name = MergeSortV3Tests;
			productName = MergeSortV3Tests;
			productReference = 472135D6299065ED006524D2 /* MergeSortV3Tests.xctest */;
			productType = "com.apple.product-type.bundle.unit-test";
		};
/* End PBXNativeTarget section */

/* Begin PBXProject section */
		472135C0299065C1006524D2 /* Project object */ = {
			isa = PBXProject;
			attributes = {
				BuildIndependentTargetsInParallel = 1;
				LastSwiftUpdateCheck = 1420;
				LastUpgradeCheck = 1420;
				TargetAttributes = {
					472135C7299065C1006524D2 = {
						CreatedOnToolsVersion = 14.2;
					};
					472135D5299065ED006524D2 = {
						CreatedOnToolsVersion = 14.2;
					};
				};
			};
			buildConfigurationList = 472135C3299065C1006524D2 /* Build configuration list for PBXProject "MergeSortV3" */;
			compatibilityVersion = "Xcode 14.0";
			developmentRegion = en;
			hasScannedForEncodings = 0;
			knownRegions = (
				en,
				Base,
			);
			mainGroup = 472135BF299065C1006524D2;
			productRefGroup = 472135C9299065C1006524D2 /* Products */;
			projectDirPath = "";
			projectRoot = "";
			targets = (
				472135C7299065C1006524D2 /* MergeSortV3 */,
				472135D5299065ED006524D2 /* MergeSortV3Tests */,
			);
		};
/* End PBXProject section */

/* Begin PBXResourcesBuildPhase section */
		472135D4299065ED006524D2 /* Resources */ = {
			isa = PBXResourcesBuildPhase;
			buildActionMask = 2147483647;
			files = (
			);
			runOnlyForDeploymentPostprocessing = 0;
		};
/* End PBXResourcesBuildPhase section */

/* Begin PBXSourcesBuildPhase section */
		472135C4299065C1006524D2 /* Sources */ = {
			isa = PBXSourcesBuildPhase;
			buildActionMask = 2147483647;
			files = (
				472135CC299065C1006524D2 /* MergeSortV3.swift in Sources */,
			);
			runOnlyForDeploymentPostprocessing = 0;
		};
		472135D2299065ED006524D2 /* Sources */ = {
			isa = PBXSourcesBuildPhase;
			buildActionMask = 2147483647;
			files = (
				472135D9299065ED006524D2 /* MergeSortV3Tests.swift in Sources */,
			);
			runOnlyForDeploymentPostprocessing = 0;
		};
/* End PBXSourcesBuildPhase section */

/* Begin PBXTargetDependency section */
		472135DC299065ED006524D2 /* PBXTargetDependency */ = {
			isa = PBXTargetDependency;
			target = 472135C7299065C1006524D2 /* MergeSortV3 */;
			targetProxy = 472135DB299065ED006524D2 /* PBXContainerItemProxy */;
		};
/* End PBXTargetDependency section */

/* Begin XCBuildConfiguration section */
		472135CD299065C1006524D2 /* Debug */ = {
			isa = XCBuildConfiguration;
			buildSettings = {
				ALWAYS_SEARCH_USER_PATHS = NO;
				CLANG_ANALYZER_NONNULL = YES;
				CLANG_ANALYZER_NUMBER_OBJECT_CONVERSION = YES_AGGRESSIVE;
				CLANG_CXX_LANGUAGE_STANDARD = "gnu++20";
				CLANG_ENABLE_MODULES = YES;
				CLANG_ENABLE_OBJC_ARC = YES;
				CLANG_ENABLE_OBJC_WEAK = YES;
				CLANG_WARN_BLOCK_CAPTURE_AUTORELEASING = YES;
				CLANG_WARN_BOOL_CONVERSION = YES;
				CLANG_WARN_COMMA = YES;
				CLANG_WARN_CONSTANT_CONVERSION = YES;
				CLANG_WARN_DEPRECATED_OBJC_IMPLEMENTATIONS = YES;
				CLANG_WARN_DIRECT_OBJC_ISA_USAGE = YES_ERROR;
				CLANG_WARN_DOCUMENTATION_COMMENTS = YES;
				CLANG_WARN_EMPTY_BODY = YES;
				CLANG_WARN_ENUM_CONVERSION = YES;
				CLANG_WARN_INFINITE_RECURSION = YES;
				CLANG_WARN_INT_CONVERSION = YES;
				CLANG_WARN_NON_LITERAL_NULL_CONVERSION = YES;
				CLANG_WARN_OBJC_IMPLICIT_RETAIN_SELF = YES;
				CLANG_WARN_OBJC_LITERAL_CONVERSION = YES;
				CLANG_WARN_OBJC_ROOT_CLASS = YES_ERROR;
				CLANG_WARN_QUOTED_INCLUDE_IN_FRAMEWORK_HEADER = YES;
				CLANG_WARN_RANGE_LOOP_ANALYSIS = YES;
				CLANG_WARN_STRICT_PROTOTYPES = YES;
				CLANG_WARN_SUSPICIOUS_MOVE = YES;
				CLANG_WARN_UNGUARDED_AVAILABILITY = YES_AGGRESSIVE;
				CLANG_WARN_UNREACHABLE_CODE = YES;
				CLANG_WARN__DUPLICATE_METHOD_MATCH = YES;
				COPY_PHASE_STRIP = NO;
				DEBUG_INFORMATION_FORMAT = dwarf;
				ENABLE_STRICT_OBJC_MSGSEND = YES;
				ENABLE_TESTABILITY = YES;
				GCC_C_LANGUAGE_STANDARD = gnu11;
				GCC_DYNAMIC_NO_PIC = NO;
				GCC_NO_COMMON_BLOCKS = YES;
				GCC_OPTIMIZATION_LEVEL = 0;
				GCC_PREPROCESSOR_DEFINITIONS = (
					"DEBUG=1",
					"$(inherited)",
				);
				GCC_WARN_64_TO_32_BIT_CONVERSION = YES;
				GCC_WARN_ABOUT_RETURN_TYPE = YES_ERROR;
				GCC_WARN_UNDECLARED_SELECTOR = YES;
				GCC_WARN_UNINITIALIZED_AUTOS = YES_AGGRESSIVE;
				GCC_WARN_UNUSED_FUNCTION = YES;
				GCC_WARN_UNUSED_VARIABLE = YES;
				IPHONEOS_DEPLOYMENT_TARGET = 16.2;
				MTL_ENABLE_DEBUG_INFO = INCLUDE_SOURCE;
				MTL_FAST_MATH = YES;
				ONLY_ACTIVE_ARCH = YES;
				SDKROOT = iphoneos;
				SWIFT_ACTIVE_COMPILATION_CONDITIONS = DEBUG;
				SWIFT_OPTIMIZATION_LEVEL = "-Onone";
			};
			name = Debug;
		};
		472135CE299065C1006524D2 /* Release */ = {
			isa = XCBuildConfiguration;
			buildSettings = {
				ALWAYS_SEARCH_USER_PATHS = NO;
				CLANG_ANALYZER_NONNULL = YES;
				CLANG_ANALYZER_NUMBER_OBJECT_CONVERSION = YES_AGGRESSIVE;
				CLANG_CXX_LANGUAGE_STANDARD = "gnu++20";
				CLANG_ENABLE_MODULES = YES;
				CLANG_ENABLE_OBJC_ARC = YES;
				CLANG_ENABLE_OBJC_WEAK = YES;
				CLANG_WARN_BLOCK_CAPTURE_AUTORELEASING = YES;
				CLANG_WARN_BOOL_CONVERSION = YES;
				CLANG_WARN_COMMA = YES;
				CLANG_WARN_CONSTANT_CONVERSION = YES;
				CLANG_WARN_DEPRECATED_OBJC_IMPLEMENTATIONS = YES;
				CLANG_WARN_DIRECT_OBJC_ISA_USAGE = YES_ERROR;
				CLANG_WARN_DOCUMENTATION_COMMENTS = YES;
				CLANG_WARN_EMPTY_BODY = YES;
				CLANG_WARN_ENUM_CONVERSION = YES;
				CLANG_WARN_INFINITE_RECURSION = YES;
				CLANG_WARN_INT_CONVERSION = YES;
				CLANG_WARN_NON_LITERAL_NULL_CONVERSION = YES;
				CLANG_WARN_OBJC_IMPLICIT_RETAIN_SELF = YES;
				CLANG_WARN_OBJC_LITERAL_CONVERSION = YES;
				CLANG_WARN_OBJC_ROOT_CLASS = YES_ERROR;
				CLANG_WARN_QUOTED_INCLUDE_IN_FRAMEWORK_HEADER = YES;
				CLANG_WARN_RANGE_LOOP_ANALYSIS = YES;
				CLANG_WARN_STRICT_PROTOTYPES = YES;
				CLANG_WARN_SUSPICIOUS_MOVE = YES;
				CLANG_WARN_UNGUARDED_AVAILABILITY = YES_AGGRESSIVE;
				CLANG_WARN_UNREACHABLE_CODE = YES;
				CLANG_WARN__DUPLICATE_METHOD_MATCH = YES;
				COPY_PHASE_STRIP = NO;
				DEBUG_INFORMATION_FORMAT = "dwarf-with-dsym";
				ENABLE_NS_ASSERTIONS = NO;
				ENABLE_STRICT_OBJC_MSGSEND = YES;
				GCC_C_LANGUAGE_STANDARD = gnu11;
				GCC_NO_COMMON_BLOCKS = YES;
				GCC_WARN_64_TO_32_BIT_CONVERSION = YES;
				GCC_WARN_ABOUT_RETURN_TYPE = YES_ERROR;
				GCC_WARN_UNDECLARED_SELECTOR = YES;
				GCC_WARN_UNINITIALIZED_AUTOS = YES_AGGRESSIVE;
				GCC_WARN_UNUSED_FUNCTION = YES;
				GCC_WARN_UNUSED_VARIABLE = YES;
				IPHONEOS_DEPLOYMENT_TARGET = 16.2;
				MTL_ENABLE_DEBUG_INFO = NO;
				MTL_FAST_MATH = YES;
				SDKROOT = iphoneos;
				SWIFT_COMPILATION_MODE = wholemodule;
				SWIFT_OPTIMIZATION_LEVEL = "-O";
				VALIDATE_PRODUCT = YES;
			};
			name = Release;
		};
		472135D0299065C1006524D2 /* Debug */ = {
			isa = XCBuildConfiguration;
			buildSettings = {
				CODE_SIGN_STYLE = Automatic;
				DEVELOPMENT_TEAM = 63HZLY9JEQ;
				OTHER_LDFLAGS = "-ObjC";
				PRODUCT_NAME = "$(TARGET_NAME)";
				SKIP_INSTALL = YES;
				SWIFT_VERSION = 5.0;
				TARGETED_DEVICE_FAMILY = "1,2";
			};
			name = Debug;
		};
		472135D1299065C1006524D2 /* Release */ = {
			isa = XCBuildConfiguration;
			buildSettings = {
				CODE_SIGN_STYLE = Automatic;
				DEVELOPMENT_TEAM = 63HZLY9JEQ;
				OTHER_LDFLAGS = "-ObjC";
				PRODUCT_NAME = "$(TARGET_NAME)";
				SKIP_INSTALL = YES;
				SWIFT_VERSION = 5.0;
				TARGETED_DEVICE_FAMILY = "1,2";
			};
			name = Release;
		};
		472135DE299065ED006524D2 /* Debug */ = {
			isa = XCBuildConfiguration;
			buildSettings = {
				CODE_SIGN_STYLE = Automatic;
				CURRENT_PROJECT_VERSION = 1;
				DEVELOPMENT_TEAM = 63HZLY9JEQ;
				GENERATE_INFOPLIST_FILE = YES;
				MARKETING_VERSION = 1.0;
				PRODUCT_BUNDLE_IDENTIFIER = com.beerbarrelpokerstudios.MergeSortV3Tests;
				PRODUCT_NAME = "$(TARGET_NAME)";
				SWIFT_EMIT_LOC_STRINGS = NO;
				SWIFT_VERSION = 5.0;
				TARGETED_DEVICE_FAMILY = "1,2";
			};
			name = Debug;
		};
		472135DF299065ED006524D2 /* Release */ = {
			isa = XCBuildConfiguration;
			buildSettings = {
				CODE_SIGN_STYLE = Automatic;
				CURRENT_PROJECT_VERSION = 1;
				DEVELOPMENT_TEAM = 63HZLY9JEQ;
				GENERATE_INFOPLIST_FILE = YES;
				MARKETING_VERSION = 1.0;
				PRODUCT_BUNDLE_IDENTIFIER = com.beerbarrelpokerstudios.MergeSortV3Tests;
				PRODUCT_NAME = "$(TARGET_NAME)";
				SWIFT_EMIT_LOC_STRINGS = NO;
				SWIFT_VERSION = 5.0;
				TARGETED_DEVICE_FAMILY = "1,2";
			};
			name = Release;
		};
/* End XCBuildConfiguration section */

/* Begin XCConfigurationList section */
		472135C3299065C1006524D2 /* Build configuration list for PBXProject "MergeSortV3" */ = {
			isa = XCConfigurationList;
			buildConfigurations = (
				472135CD299065C1006524D2 /* Debug */,
				472135CE299065C1006524D2 /* Release */,
			);
			defaultConfigurationIsVisible = 0;
			defaultConfigurationName = Release;
		};
		472135CF299065C1006524D2 /* Build configuration list for PBXNativeTarget "MergeSortV3" */ = {
			isa = XCConfigurationList;
			buildConfigurations = (
				472135D0299065C1006524D2 /* Debug */,
				472135D1299065C1006524D2 /* Release */,
			);
			defaultConfigurationIsVisible = 0;
			defaultConfigurationName = Release;
		};
		472135DD299065ED006524D2 /* Build configuration list for PBXNativeTarget "MergeSortV3Tests" */ = {
			isa = XCConfigurationList;
			buildConfigurations = (
				472135DE299065ED006524D2 /* Debug */,
				472135DF299065ED006524D2 /* Release */,
			);
			defaultConfigurationIsVisible = 0;
			defaultConfigurationName = Release;
		};
/* End XCConfigurationList section */
	};
	rootObject = 472135C0299065C1006524D2 /* Project object */;
}
