// !$*UTF8*$!
{
	archiveVersion = 1;
	classes = {
	};
	objectVersion = 56;
	objects = {

/* Begin PBXBuildFile section */
		472D21492987186B00CA9FA1 /* SelectionSortV2.swift in Sources */ = {isa = PBXBuildFile; fileRef = 472D21482987186B00CA9FA1 /* SelectionSortV2.swift */; };
		472D21562987188300CA9FA1 /* SelectionSortV2Tests.swift in Sources */ = {isa = PBXBuildFile; fileRef = 472D21552987188300CA9FA1 /* SelectionSortV2Tests.swift */; };
		472D21572987188300CA9FA1 /* libSelectionSortV2.a in Frameworks */ = {isa = PBXBuildFile; fileRef = 472D21452987186B00CA9FA1 /* libSelectionSortV2.a */; };
/* End PBXBuildFile section */

/* Begin PBXContainerItemProxy section */
		472D21582987188300CA9FA1 /* PBXContainerItemProxy */ = {
			isa = PBXContainerItemProxy;
			containerPortal = 472D213D2987186B00CA9FA1 /* Project object */;
			proxyType = 1;
			remoteGlobalIDString = 472D21442987186B00CA9FA1;
			remoteInfo = SelectionSortV2;
		};
/* End PBXContainerItemProxy section */

/* Begin PBXCopyFilesBuildPhase section */
		472D21432987186B00CA9FA1 /* CopyFiles */ = {
			isa = PBXCopyFilesBuildPhase;
			buildActionMask = 2147483647;
			dstPath = "include/$(PRODUCT_NAME)";
			dstSubfolderSpec = 16;
			files = (
			);
			runOnlyForDeploymentPostprocessing = 0;
		};
/* End PBXCopyFilesBuildPhase section */

/* Begin PBXFileReference section */
		472D21452987186B00CA9FA1 /* libSelectionSortV2.a */ = {isa = PBXFileReference; explicitFileType = archive.ar; includeInIndex = 0; path = libSelectionSortV2.a; sourceTree = BUILT_PRODUCTS_DIR; };
		472D21482987186B00CA9FA1 /* SelectionSortV2.swift */ = {isa = PBXFileReference; lastKnownFileType = sourcecode.swift; path = SelectionSortV2.swift; sourceTree = "<group>"; };
		472D21532987188300CA9FA1 /* SelectionSortV2Tests.xctest */ = {isa = PBXFileReference; explicitFileType = wrapper.cfbundle; includeInIndex = 0; path = SelectionSortV2Tests.xctest; sourceTree = BUILT_PRODUCTS_DIR; };
		472D21552987188300CA9FA1 /* SelectionSortV2Tests.swift */ = {isa = PBXFileReference; lastKnownFileType = sourcecode.swift; path = SelectionSortV2Tests.swift; sourceTree = "<group>"; };
/* End PBXFileReference section */

/* Begin PBXFrameworksBuildPhase section */
		472D21422987186B00CA9FA1 /* Frameworks */ = {
			isa = PBXFrameworksBuildPhase;
			buildActionMask = 2147483647;
			files = (
			);
			runOnlyForDeploymentPostprocessing = 0;
		};
		472D21502987188300CA9FA1 /* Frameworks */ = {
			isa = PBXFrameworksBuildPhase;
			buildActionMask = 2147483647;
			files = (
				472D21572987188300CA9FA1 /* libSelectionSortV2.a in Frameworks */,
			);
			runOnlyForDeploymentPostprocessing = 0;
		};
/* End PBXFrameworksBuildPhase section */

/* Begin PBXGroup section */
		472D213C2987186B00CA9FA1 = {
			isa = PBXGroup;
			children = (
				472D21472987186B00CA9FA1 /* SelectionSortV2 */,
				472D21542987188300CA9FA1 /* SelectionSortV2Tests */,
				472D21462987186B00CA9FA1 /* Products */,
			);
			sourceTree = "<group>";
		};
		472D21462987186B00CA9FA1 /* Products */ = {
			isa = PBXGroup;
			children = (
				472D21452987186B00CA9FA1 /* libSelectionSortV2.a */,
				472D21532987188300CA9FA1 /* SelectionSortV2Tests.xctest */,
			);
			name = Products;
			sourceTree = "<group>";
		};
		472D21472987186B00CA9FA1 /* SelectionSortV2 */ = {
			isa = PBXGroup;
			children = (
				472D21482987186B00CA9FA1 /* SelectionSortV2.swift */,
			);
			path = SelectionSortV2;
			sourceTree = "<group>";
		};
		472D21542987188300CA9FA1 /* SelectionSortV2Tests */ = {
			isa = PBXGroup;
			children = (
				472D21552987188300CA9FA1 /* SelectionSortV2Tests.swift */,
			);
			path = SelectionSortV2Tests;
			sourceTree = "<group>";
		};
/* End PBXGroup section */

/* Begin PBXNativeTarget section */
		472D21442987186B00CA9FA1 /* SelectionSortV2 */ = {
			isa = PBXNativeTarget;
			buildConfigurationList = 472D214C2987186B00CA9FA1 /* Build configuration list for PBXNativeTarget "SelectionSortV2" */;
			buildPhases = (
				472D21412987186B00CA9FA1 /* Sources */,
				472D21422987186B00CA9FA1 /* Frameworks */,
				472D21432987186B00CA9FA1 /* CopyFiles */,
			);
			buildRules = (
			);
			dependencies = (
			);
			name = SelectionSortV2;
			productName = SelectionSortV2;
			productReference = 472D21452987186B00CA9FA1 /* libSelectionSortV2.a */;
			productType = "com.apple.product-type.library.static";
		};
		472D21522987188300CA9FA1 /* SelectionSortV2Tests */ = {
			isa = PBXNativeTarget;
			buildConfigurationList = 472D215A2987188300CA9FA1 /* Build configuration list for PBXNativeTarget "SelectionSortV2Tests" */;
			buildPhases = (
				472D214F2987188300CA9FA1 /* Sources */,
				472D21502987188300CA9FA1 /* Frameworks */,
				472D21512987188300CA9FA1 /* Resources */,
			);
			buildRules = (
			);
			dependencies = (
				472D21592987188300CA9FA1 /* PBXTargetDependency */,
			);
			name = SelectionSortV2Tests;
			productName = SelectionSortV2Tests;
			productReference = 472D21532987188300CA9FA1 /* SelectionSortV2Tests.xctest */;
			productType = "com.apple.product-type.bundle.unit-test";
		};
/* End PBXNativeTarget section */

/* Begin PBXProject section */
		472D213D2987186B00CA9FA1 /* Project object */ = {
			isa = PBXProject;
			attributes = {
				BuildIndependentTargetsInParallel = 1;
				LastSwiftUpdateCheck = 1420;
				LastUpgradeCheck = 1420;
				TargetAttributes = {
					472D21442987186B00CA9FA1 = {
						CreatedOnToolsVersion = 14.2;
					};
					472D21522987188300CA9FA1 = {
						CreatedOnToolsVersion = 14.2;
					};
				};
			};
			buildConfigurationList = 472D21402987186B00CA9FA1 /* Build configuration list for PBXProject "SelectionSortV2" */;
			compatibilityVersion = "Xcode 14.0";
			developmentRegion = en;
			hasScannedForEncodings = 0;
			knownRegions = (
				en,
				Base,
			);
			mainGroup = 472D213C2987186B00CA9FA1;
			productRefGroup = 472D21462987186B00CA9FA1 /* Products */;
			projectDirPath = "";
			projectRoot = "";
			targets = (
				472D21442987186B00CA9FA1 /* SelectionSortV2 */,
				472D21522987188300CA9FA1 /* SelectionSortV2Tests */,
			);
		};
/* End PBXProject section */

/* Begin PBXResourcesBuildPhase section */
		472D21512987188300CA9FA1 /* Resources */ = {
			isa = PBXResourcesBuildPhase;
			buildActionMask = 2147483647;
			files = (
			);
			runOnlyForDeploymentPostprocessing = 0;
		};
/* End PBXResourcesBuildPhase section */

/* Begin PBXSourcesBuildPhase section */
		472D21412987186B00CA9FA1 /* Sources */ = {
			isa = PBXSourcesBuildPhase;
			buildActionMask = 2147483647;
			files = (
				472D21492987186B00CA9FA1 /* SelectionSortV2.swift in Sources */,
			);
			runOnlyForDeploymentPostprocessing = 0;
		};
		472D214F2987188300CA9FA1 /* Sources */ = {
			isa = PBXSourcesBuildPhase;
			buildActionMask = 2147483647;
			files = (
				472D21562987188300CA9FA1 /* SelectionSortV2Tests.swift in Sources */,
			);
			runOnlyForDeploymentPostprocessing = 0;
		};
/* End PBXSourcesBuildPhase section */

/* Begin PBXTargetDependency section */
		472D21592987188300CA9FA1 /* PBXTargetDependency */ = {
			isa = PBXTargetDependency;
			target = 472D21442987186B00CA9FA1 /* SelectionSortV2 */;
			targetProxy = 472D21582987188300CA9FA1 /* PBXContainerItemProxy */;
		};
/* End PBXTargetDependency section */

/* Begin XCBuildConfiguration section */
		472D214A2987186B00CA9FA1 /* Debug */ = {
			isa = XCBuildConfiguration;
			buildSettings = {
				ALWAYS_SEARCH_USER_PATHS = NO;
				CLANG_ANALYZER_NONNULL = YES;
				CLANG_ANALYZER_NUMBER_OBJECT_CONVERSION = YES_AGGRESSIVE;
				CLANG_CXX_LANGUAGE_STANDARD = "gnu++20";
				CLANG_ENABLE_MODULES = YES;
				CLANG_ENABLE_OBJC_ARC = YES;
				CLANG_ENABLE_OBJC_WEAK = YES;
				CLANG_WARN_BLOCK_CAPTURE_AUTORELEASING = YES;
				CLANG_WARN_BOOL_CONVERSION = YES;
				CLANG_WARN_COMMA = YES;
				CLANG_WARN_CONSTANT_CONVERSION = YES;
				CLANG_WARN_DEPRECATED_OBJC_IMPLEMENTATIONS = YES;
				CLANG_WARN_DIRECT_OBJC_ISA_USAGE = YES_ERROR;
				CLANG_WARN_DOCUMENTATION_COMMENTS = YES;
				CLANG_WARN_EMPTY_BODY = YES;
				CLANG_WARN_ENUM_CONVERSION = YES;
				CLANG_WARN_INFINITE_RECURSION = YES;
				CLANG_WARN_INT_CONVERSION = YES;
				CLANG_WARN_NON_LITERAL_NULL_CONVERSION = YES;
				CLANG_WARN_OBJC_IMPLICIT_RETAIN_SELF = YES;
				CLANG_WARN_OBJC_LITERAL_CONVERSION = YES;
				CLANG_WARN_OBJC_ROOT_CLASS = YES_ERROR;
				CLANG_WARN_QUOTED_INCLUDE_IN_FRAMEWORK_HEADER = YES;
				CLANG_WARN_RANGE_LOOP_ANALYSIS = YES;
				CLANG_WARN_STRICT_PROTOTYPES = YES;
				CLANG_WARN_SUSPICIOUS_MOVE = YES;
				CLANG_WARN_UNGUARDED_AVAILABILITY = YES_AGGRESSIVE;
				CLANG_WARN_UNREACHABLE_CODE = YES;
				CLANG_WARN__DUPLICATE_METHOD_MATCH = YES;
				COPY_PHASE_STRIP = NO;
				DEBUG_INFORMATION_FORMAT = dwarf;
				ENABLE_STRICT_OBJC_MSGSEND = YES;
				ENABLE_TESTABILITY = YES;
				GCC_C_LANGUAGE_STANDARD = gnu11;
				GCC_DYNAMIC_NO_PIC = NO;
				GCC_NO_COMMON_BLOCKS = YES;
				GCC_OPTIMIZATION_LEVEL = 0;
				GCC_PREPROCESSOR_DEFINITIONS = (
					"DEBUG=1",
					"$(inherited)",
				);
				GCC_WARN_64_TO_32_BIT_CONVERSION = YES;
				GCC_WARN_ABOUT_RETURN_TYPE = YES_ERROR;
				GCC_WARN_UNDECLARED_SELECTOR = YES;
				GCC_WARN_UNINITIALIZED_AUTOS = YES_AGGRESSIVE;
				GCC_WARN_UNUSED_FUNCTION = YES;
				GCC_WARN_UNUSED_VARIABLE = YES;
				IPHONEOS_DEPLOYMENT_TARGET = 16.2;
				MTL_ENABLE_DEBUG_INFO = INCLUDE_SOURCE;
				MTL_FAST_MATH = YES;
				ONLY_ACTIVE_ARCH = YES;
				SDKROOT = iphoneos;
				SWIFT_ACTIVE_COMPILATION_CONDITIONS = DEBUG;
				SWIFT_OPTIMIZATION_LEVEL = "-Onone";
			};
			name = Debug;
		};
		472D214B2987186B00CA9FA1 /* Release */ = {
			isa = XCBuildConfiguration;
			buildSettings = {
				ALWAYS_SEARCH_USER_PATHS = NO;
				CLANG_ANALYZER_NONNULL = YES;
				CLANG_ANALYZER_NUMBER_OBJECT_CONVERSION = YES_AGGRESSIVE;
				CLANG_CXX_LANGUAGE_STANDARD = "gnu++20";
				CLANG_ENABLE_MODULES = YES;
				CLANG_ENABLE_OBJC_ARC = YES;
				CLANG_ENABLE_OBJC_WEAK = YES;
				CLANG_WARN_BLOCK_CAPTURE_AUTORELEASING = YES;
				CLANG_WARN_BOOL_CONVERSION = YES;
				CLANG_WARN_COMMA = YES;
				CLANG_WARN_CONSTANT_CONVERSION = YES;
				CLANG_WARN_DEPRECATED_OBJC_IMPLEMENTATIONS = YES;
				CLANG_WARN_DIRECT_OBJC_ISA_USAGE = YES_ERROR;
				CLANG_WARN_DOCUMENTATION_COMMENTS = YES;
				CLANG_WARN_EMPTY_BODY = YES;
				CLANG_WARN_ENUM_CONVERSION = YES;
				CLANG_WARN_INFINITE_RECURSION = YES;
				CLANG_WARN_INT_CONVERSION = YES;
				CLANG_WARN_NON_LITERAL_NULL_CONVERSION = YES;
				CLANG_WARN_OBJC_IMPLICIT_RETAIN_SELF = YES;
				CLANG_WARN_OBJC_LITERAL_CONVERSION = YES;
				CLANG_WARN_OBJC_ROOT_CLASS = YES_ERROR;
				CLANG_WARN_QUOTED_INCLUDE_IN_FRAMEWORK_HEADER = YES;
				CLANG_WARN_RANGE_LOOP_ANALYSIS = YES;
				CLANG_WARN_STRICT_PROTOTYPES = YES;
				CLANG_WARN_SUSPICIOUS_MOVE = YES;
				CLANG_WARN_UNGUARDED_AVAILABILITY = YES_AGGRESSIVE;
				CLANG_WARN_UNREACHABLE_CODE = YES;
				CLANG_WARN__DUPLICATE_METHOD_MATCH = YES;
				COPY_PHASE_STRIP = NO;
				DEBUG_INFORMATION_FORMAT = "dwarf-with-dsym";
				ENABLE_NS_ASSERTIONS = NO;
				ENABLE_STRICT_OBJC_MSGSEND = YES;
				GCC_C_LANGUAGE_STANDARD = gnu11;
				GCC_NO_COMMON_BLOCKS = YES;
				GCC_WARN_64_TO_32_BIT_CONVERSION = YES;
				GCC_WARN_ABOUT_RETURN_TYPE = YES_ERROR;
				GCC_WARN_UNDECLARED_SELECTOR = YES;
				GCC_WARN_UNINITIALIZED_AUTOS = YES_AGGRESSIVE;
				GCC_WARN_UNUSED_FUNCTION = YES;
				GCC_WARN_UNUSED_VARIABLE = YES;
				IPHONEOS_DEPLOYMENT_TARGET = 16.2;
				MTL_ENABLE_DEBUG_INFO = NO;
				MTL_FAST_MATH = YES;
				SDKROOT = iphoneos;
				SWIFT_COMPILATION_MODE = wholemodule;
				SWIFT_OPTIMIZATION_LEVEL = "-O";
				VALIDATE_PRODUCT = YES;
			};
			name = Release;
		};
		472D214D2987186B00CA9FA1 /* Debug */ = {
			isa = XCBuildConfiguration;
			buildSettings = {
				CODE_SIGN_STYLE = Automatic;
				DEVELOPMENT_TEAM = 63HZLY9JEQ;
				OTHER_LDFLAGS = "-ObjC";
				PRODUCT_NAME = "$(TARGET_NAME)";
				SKIP_INSTALL = YES;
				SWIFT_VERSION = 5.0;
				TARGETED_DEVICE_FAMILY = "1,2";
			};
			name = Debug;
		};
		472D214E2987186B00CA9FA1 /* Release */ = {
			isa = XCBuildConfiguration;
			buildSettings = {
				CODE_SIGN_STYLE = Automatic;
				DEVELOPMENT_TEAM = 63HZLY9JEQ;
				OTHER_LDFLAGS = "-ObjC";
				PRODUCT_NAME = "$(TARGET_NAME)";
				SKIP_INSTALL = YES;
				SWIFT_VERSION = 5.0;
				TARGETED_DEVICE_FAMILY = "1,2";
			};
			name = Release;
		};
		472D215B2987188300CA9FA1 /* Debug */ = {
			isa = XCBuildConfiguration;
			buildSettings = {
				CODE_SIGN_STYLE = Automatic;
				CURRENT_PROJECT_VERSION = 1;
				DEVELOPMENT_TEAM = 63HZLY9JEQ;
				GENERATE_INFOPLIST_FILE = YES;
				MARKETING_VERSION = 1.0;
				PRODUCT_BUNDLE_IDENTIFIER = com.beerbarrelpokerstudios.SelectionSortV2Tests;
				PRODUCT_NAME = "$(TARGET_NAME)";
				SWIFT_EMIT_LOC_STRINGS = NO;
				SWIFT_VERSION = 5.0;
				TARGETED_DEVICE_FAMILY = "1,2";
			};
			name = Debug;
		};
		472D215C2987188300CA9FA1 /* Release */ = {
			isa = XCBuildConfiguration;
			buildSettings = {
				CODE_SIGN_STYLE = Automatic;
				CURRENT_PROJECT_VERSION = 1;
				DEVELOPMENT_TEAM = 63HZLY9JEQ;
				GENERATE_INFOPLIST_FILE = YES;
				MARKETING_VERSION = 1.0;
				PRODUCT_BUNDLE_IDENTIFIER = com.beerbarrelpokerstudios.SelectionSortV2Tests;
				PRODUCT_NAME = "$(TARGET_NAME)";
				SWIFT_EMIT_LOC_STRINGS = NO;
				SWIFT_VERSION = 5.0;
				TARGETED_DEVICE_FAMILY = "1,2";
			};
			name = Release;
		};
/* End XCBuildConfiguration section */

/* Begin XCConfigurationList section */
		472D21402987186B00CA9FA1 /* Build configuration list for PBXProject "SelectionSortV2" */ = {
			isa = XCConfigurationList;
			buildConfigurations = (
				472D214A2987186B00CA9FA1 /* Debug */,
				472D214B2987186B00CA9FA1 /* Release */,
			);
			defaultConfigurationIsVisible = 0;
			defaultConfigurationName = Release;
		};
		472D214C2987186B00CA9FA1 /* Build configuration list for PBXNativeTarget "SelectionSortV2" */ = {
			isa = XCConfigurationList;
			buildConfigurations = (
				472D214D2987186B00CA9FA1 /* Debug */,
				472D214E2987186B00CA9FA1 /* Release */,
			);
			defaultConfigurationIsVisible = 0;
			defaultConfigurationName = Release;
		};
		472D215A2987188300CA9FA1 /* Build configuration list for PBXNativeTarget "SelectionSortV2Tests" */ = {
			isa = XCConfigurationList;
			buildConfigurations = (
				472D215B2987188300CA9FA1 /* Debug */,
				472D215C2987188300CA9FA1 /* Release */,
			);
			defaultConfigurationIsVisible = 0;
			defaultConfigurationName = Release;
		};
/* End XCConfigurationList section */
	};
	rootObject = 472D213D2987186B00CA9FA1 /* Project object */;
}
